// !$*UTF8*$!
{
	archiveVersion = 1;
	classes = {
	};
	objectVersion = 46;
	objects = {

/* Begin PBXBuildFile section */
		890ABBFE16FAA94E00BA4B08 /* VDHomeViewController.m in Sources */ = {isa = PBXBuildFile; fileRef = 890ABBFD16FAA94E00BA4B08 /* VDHomeViewController.m */; };
		890ABC0716FAA9B800BA4B08 /* VDNotification.m in Sources */ = {isa = PBXBuildFile; fileRef = 890ABC0616FAA9B800BA4B08 /* VDNotification.m */; };
		890ABC0A16FAAA7D00BA4B08 /* VDTrialCase.m in Sources */ = {isa = PBXBuildFile; fileRef = 890ABC0916FAAA7D00BA4B08 /* VDTrialCase.m */; };
		890ABC0D16FAABC700BA4B08 /* VDTrialCaseNote.m in Sources */ = {isa = PBXBuildFile; fileRef = 890ABC0C16FAABC700BA4B08 /* VDTrialCaseNote.m */; };
		890ABC1016FAAF2800BA4B08 /* VDLawFirmUser.m in Sources */ = {isa = PBXBuildFile; fileRef = 890ABC0F16FAAF2800BA4B08 /* VDLawFirmUser.m */; };
		890ABC1416FAB38300BA4B08 /* VDCurrentLawFirmUserManager.m in Sources */ = {isa = PBXBuildFile; fileRef = 890ABC1316FAB38300BA4B08 /* VDCurrentLawFirmUserManager.m */; };
		890ABC1716FAB60C00BA4B08 /* VDJuror.m in Sources */ = {isa = PBXBuildFile; fileRef = 890ABC1616FAB60C00BA4B08 /* VDJuror.m */; };
		890ABC1B16FABA0600BA4B08 /* VDNotificationManager.m in Sources */ = {isa = PBXBuildFile; fileRef = 890ABC1A16FABA0600BA4B08 /* VDNotificationManager.m */; };
		890ABC1E16FABC0100BA4B08 /* VDTrialCaseManager.m in Sources */ = {isa = PBXBuildFile; fileRef = 890ABC1D16FABC0100BA4B08 /* VDTrialCaseManager.m */; };
		890ABC2D16FAC31400BA4B08 /* VDJurorManager.m in Sources */ = {isa = PBXBuildFile; fileRef = 890ABC2C16FAC31400BA4B08 /* VDJurorManager.m */; };
		8932B92B16FE728100E9461C /* radio_selected.png in Resources */ = {isa = PBXBuildFile; fileRef = 8932B92916FE728100E9461C /* radio_selected.png */; };
		8932B92C16FE728100E9461C /* radio_selected@2x.png in Resources */ = {isa = PBXBuildFile; fileRef = 8932B92A16FE728100E9461C /* radio_selected@2x.png */; };
		8968861516F92E7D00B440B7 /* main.m in Sources */ = {isa = PBXBuildFile; fileRef = 8968861216F92E7D00B440B7 /* main.m */; };
		8968861B16F92E9200B440B7 /* Default-568h@2x.png in Resources */ = {isa = PBXBuildFile; fileRef = 8968861816F92E9200B440B7 /* Default-568h@2x.png */; };
		8968861C16F92E9200B440B7 /* Default.png in Resources */ = {isa = PBXBuildFile; fileRef = 8968861916F92E9200B440B7 /* Default.png */; };
		8968861D16F92E9200B440B7 /* Default@2x.png in Resources */ = {isa = PBXBuildFile; fileRef = 8968861A16F92E9200B440B7 /* Default@2x.png */; };
		8968862216F92ECE00B440B7 /* Voir_Dire.xcdatamodeld in Sources */ = {isa = PBXBuildFile; fileRef = 8968862016F92ECE00B440B7 /* Voir_Dire.xcdatamodeld */; };
		8968863216F931C500B440B7 /* VDViewController.m in Sources */ = {isa = PBXBuildFile; fileRef = 8968863116F931C500B440B7 /* VDViewController.m */; };
		8968863516F9320E00B440B7 /* VDRootViewController.m in Sources */ = {isa = PBXBuildFile; fileRef = 8968863416F9320E00B440B7 /* VDRootViewController.m */; };
		8968863716F932AE00B440B7 /* Main.storyboard in Resources */ = {isa = PBXBuildFile; fileRef = 8968863616F932AE00B440B7 /* Main.storyboard */; };
		8968863B16F933C200B440B7 /* AppFlow.storyboard in Resources */ = {isa = PBXBuildFile; fileRef = 8968863A16F933C200B440B7 /* AppFlow.storyboard */; };
		8968865716F93C4F00B440B7 /* VDLoginViewController.m in Sources */ = {isa = PBXBuildFile; fileRef = 8968865516F93C4F00B440B7 /* VDLoginViewController.m */; };
		8968865816F93C4F00B440B7 /* VDLoginViewController.xib in Resources */ = {isa = PBXBuildFile; fileRef = 8968865616F93C4F00B440B7 /* VDLoginViewController.xib */; };
		8968865B16F93DDE00B440B7 /* VDStartupPageViewController.m in Sources */ = {isa = PBXBuildFile; fileRef = 8968865A16F93DDE00B440B7 /* VDStartupPageViewController.m */; };
		898122A316E8465E0028C05E /* UIKit.framework in Frameworks */ = {isa = PBXBuildFile; fileRef = 898122A216E8465E0028C05E /* UIKit.framework */; };
		898122A516E8465E0028C05E /* Foundation.framework in Frameworks */ = {isa = PBXBuildFile; fileRef = 898122A416E8465E0028C05E /* Foundation.framework */; };
		898122A716E8465E0028C05E /* CoreGraphics.framework in Frameworks */ = {isa = PBXBuildFile; fileRef = 898122A616E8465E0028C05E /* CoreGraphics.framework */; };
		898122A916E8465E0028C05E /* CoreData.framework in Frameworks */ = {isa = PBXBuildFile; fileRef = 898122A816E8465E0028C05E /* CoreData.framework */; };
		898122AF16E8465E0028C05E /* InfoPlist.strings in Resources */ = {isa = PBXBuildFile; fileRef = 898122AD16E8465E0028C05E /* InfoPlist.strings */; };
		898122B516E8465E0028C05E /* VDAppDelegate.m in Sources */ = {isa = PBXBuildFile; fileRef = 898122B416E8465E0028C05E /* VDAppDelegate.m */; };
		89B2AA0016FF83F7008E10BA /* VDCaseDetailsViewController.m in Sources */ = {isa = PBXBuildFile; fileRef = 89B2A9F216FF83F7008E10BA /* VDCaseDetailsViewController.m */; };
		89B2AA0116FF83F7008E10BA /* VDCaseListCell.m in Sources */ = {isa = PBXBuildFile; fileRef = 89B2A9F516FF83F7008E10BA /* VDCaseListCell.m */; };
		89B2AA0216FF83F7008E10BA /* VDCaseListViewController.m in Sources */ = {isa = PBXBuildFile; fileRef = 89B2A9F716FF83F7008E10BA /* VDCaseListViewController.m */; };
		89B2AA0316FF83F7008E10BA /* VDLawFirmUserViewController.m in Sources */ = {isa = PBXBuildFile; fileRef = 89B2A9FA16FF83F7008E10BA /* VDLawFirmUserViewController.m */; };
		89B2AA0416FF83F7008E10BA /* VDNotificationCell.m in Sources */ = {isa = PBXBuildFile; fileRef = 89B2A9FD16FF83F7008E10BA /* VDNotificationCell.m */; };
		89B2AA0516FF83F7008E10BA /* VDNotificationListViewController.m in Sources */ = {isa = PBXBuildFile; fileRef = 89B2A9FF16FF83F7008E10BA /* VDNotificationListViewController.m */; };
		89B2AA0916FF8B2C008E10BA /* VDVoirDireViewController.m in Sources */ = {isa = PBXBuildFile; fileRef = 89B2AA0816FF8B2C008E10BA /* VDVoirDireViewController.m */; };
		89B2AA1216FF8F38008E10BA /* LXReorderableCollectionViewFlowLayout.m in Sources */ = {isa = PBXBuildFile; fileRef = 89B2AA1116FF8F38008E10BA /* LXReorderableCollectionViewFlowLayout.m */; };
		89B2AA1616FF93B6008E10BA /* VDJuryPoolViewController.m in Sources */ = {isa = PBXBuildFile; fileRef = 89B2AA1516FF93B6008E10BA /* VDJuryPoolViewController.m */; };
		89B2AA1C16FF9783008E10BA /* VDJurorViewCell.m in Sources */ = {isa = PBXBuildFile; fileRef = 89B2AA1B16FF9783008E10BA /* VDJurorViewCell.m */; };
		89B2AA1E16FF9799008E10BA /* VDJurorViewCell.xib in Resources */ = {isa = PBXBuildFile; fileRef = 89B2AA1D16FF9799008E10BA /* VDJurorViewCell.xib */; };
/* End PBXBuildFile section */

/* Begin PBXFileReference section */
		890ABBFC16FAA94E00BA4B08 /* VDHomeViewController.h */ = {isa = PBXFileReference; fileEncoding = 4; lastKnownFileType = sourcecode.c.h; path = VDHomeViewController.h; sourceTree = "<group>"; };
		890ABBFD16FAA94E00BA4B08 /* VDHomeViewController.m */ = {isa = PBXFileReference; fileEncoding = 4; lastKnownFileType = sourcecode.c.objc; path = VDHomeViewController.m; sourceTree = "<group>"; };
		890ABC0516FAA9B800BA4B08 /* VDNotification.h */ = {isa = PBXFileReference; fileEncoding = 4; lastKnownFileType = sourcecode.c.h; path = VDNotification.h; sourceTree = "<group>"; };
		890ABC0616FAA9B800BA4B08 /* VDNotification.m */ = {isa = PBXFileReference; fileEncoding = 4; lastKnownFileType = sourcecode.c.objc; path = VDNotification.m; sourceTree = "<group>"; };
		890ABC0816FAAA7D00BA4B08 /* VDTrialCase.h */ = {isa = PBXFileReference; fileEncoding = 4; lastKnownFileType = sourcecode.c.h; path = VDTrialCase.h; sourceTree = "<group>"; };
		890ABC0916FAAA7D00BA4B08 /* VDTrialCase.m */ = {isa = PBXFileReference; fileEncoding = 4; lastKnownFileType = sourcecode.c.objc; path = VDTrialCase.m; sourceTree = "<group>"; };
		890ABC0B16FAABC700BA4B08 /* VDTrialCaseNote.h */ = {isa = PBXFileReference; fileEncoding = 4; lastKnownFileType = sourcecode.c.h; path = VDTrialCaseNote.h; sourceTree = "<group>"; };
		890ABC0C16FAABC700BA4B08 /* VDTrialCaseNote.m */ = {isa = PBXFileReference; fileEncoding = 4; lastKnownFileType = sourcecode.c.objc; path = VDTrialCaseNote.m; sourceTree = "<group>"; };
		890ABC0E16FAAF2800BA4B08 /* VDLawFirmUser.h */ = {isa = PBXFileReference; fileEncoding = 4; lastKnownFileType = sourcecode.c.h; path = VDLawFirmUser.h; sourceTree = "<group>"; };
		890ABC0F16FAAF2800BA4B08 /* VDLawFirmUser.m */ = {isa = PBXFileReference; fileEncoding = 4; lastKnownFileType = sourcecode.c.objc; path = VDLawFirmUser.m; sourceTree = "<group>"; };
		890ABC1216FAB38300BA4B08 /* VDCurrentLawFirmUserManager.h */ = {isa = PBXFileReference; fileEncoding = 4; lastKnownFileType = sourcecode.c.h; path = VDCurrentLawFirmUserManager.h; sourceTree = "<group>"; };
		890ABC1316FAB38300BA4B08 /* VDCurrentLawFirmUserManager.m */ = {isa = PBXFileReference; fileEncoding = 4; lastKnownFileType = sourcecode.c.objc; path = VDCurrentLawFirmUserManager.m; sourceTree = "<group>"; };
		890ABC1516FAB60B00BA4B08 /* VDJuror.h */ = {isa = PBXFileReference; fileEncoding = 4; lastKnownFileType = sourcecode.c.h; path = VDJuror.h; sourceTree = "<group>"; };
		890ABC1616FAB60C00BA4B08 /* VDJuror.m */ = {isa = PBXFileReference; fileEncoding = 4; lastKnownFileType = sourcecode.c.objc; path = VDJuror.m; sourceTree = "<group>"; };
		890ABC1816FAB6AE00BA4B08 /* VDDataModelEnums.h */ = {isa = PBXFileReference; fileEncoding = 4; lastKnownFileType = sourcecode.c.h; path = VDDataModelEnums.h; sourceTree = "<group>"; };
		890ABC1916FABA0600BA4B08 /* VDNotificationManager.h */ = {isa = PBXFileReference; fileEncoding = 4; lastKnownFileType = sourcecode.c.h; path = VDNotificationManager.h; sourceTree = "<group>"; };
		890ABC1A16FABA0600BA4B08 /* VDNotificationManager.m */ = {isa = PBXFileReference; fileEncoding = 4; lastKnownFileType = sourcecode.c.objc; path = VDNotificationManager.m; sourceTree = "<group>"; };
		890ABC1C16FABC0100BA4B08 /* VDTrialCaseManager.h */ = {isa = PBXFileReference; fileEncoding = 4; lastKnownFileType = sourcecode.c.h; path = VDTrialCaseManager.h; sourceTree = "<group>"; };
		890ABC1D16FABC0100BA4B08 /* VDTrialCaseManager.m */ = {isa = PBXFileReference; fileEncoding = 4; lastKnownFileType = sourcecode.c.objc; path = VDTrialCaseManager.m; sourceTree = "<group>"; };
		890ABC2B16FAC31400BA4B08 /* VDJurorManager.h */ = {isa = PBXFileReference; fileEncoding = 4; lastKnownFileType = sourcecode.c.h; path = VDJurorManager.h; sourceTree = "<group>"; };
		890ABC2C16FAC31400BA4B08 /* VDJurorManager.m */ = {isa = PBXFileReference; fileEncoding = 4; lastKnownFileType = sourcecode.c.objc; path = VDJurorManager.m; sourceTree = "<group>"; };
		8932B92916FE728100E9461C /* radio_selected.png */ = {isa = PBXFileReference; lastKnownFileType = image.png; path = radio_selected.png; sourceTree = "<group>"; };
		8932B92A16FE728100E9461C /* radio_selected@2x.png */ = {isa = PBXFileReference; lastKnownFileType = image.png; path = "radio_selected@2x.png"; sourceTree = "<group>"; };
		8968861216F92E7D00B440B7 /* main.m */ = {isa = PBXFileReference; fileEncoding = 4; lastKnownFileType = sourcecode.c.objc; name = main.m; path = Resources/main.m; sourceTree = "<group>"; };
		8968861316F92E7D00B440B7 /* Voir Dire-Info.plist */ = {isa = PBXFileReference; fileEncoding = 4; lastKnownFileType = text.plist.xml; name = "Voir Dire-Info.plist"; path = "Resources/Voir Dire-Info.plist"; sourceTree = "<group>"; };
		8968861416F92E7D00B440B7 /* Voir Dire-Prefix.pch */ = {isa = PBXFileReference; fileEncoding = 4; lastKnownFileType = sourcecode.c.h; name = "Voir Dire-Prefix.pch"; path = "Resources/Voir Dire-Prefix.pch"; sourceTree = "<group>"; };
		8968861816F92E9200B440B7 /* Default-568h@2x.png */ = {isa = PBXFileReference; lastKnownFileType = image.png; path = "Default-568h@2x.png"; sourceTree = "<group>"; };
		8968861916F92E9200B440B7 /* Default.png */ = {isa = PBXFileReference; lastKnownFileType = image.png; path = Default.png; sourceTree = "<group>"; };
		8968861A16F92E9200B440B7 /* Default@2x.png */ = {isa = PBXFileReference; lastKnownFileType = image.png; path = "Default@2x.png"; sourceTree = "<group>"; };
		8968862116F92ECE00B440B7 /* Voir_Dire.xcdatamodel */ = {isa = PBXFileReference; lastKnownFileType = wrapper.xcdatamodel; path = Voir_Dire.xcdatamodel; sourceTree = "<group>"; };
		8968862D16F92F7900B440B7 /* VDConstants.h */ = {isa = PBXFileReference; fileEncoding = 4; lastKnownFileType = sourcecode.c.h; path = VDConstants.h; sourceTree = "<group>"; };
		8968863016F931C500B440B7 /* VDViewController.h */ = {isa = PBXFileReference; fileEncoding = 4; lastKnownFileType = sourcecode.c.h; path = VDViewController.h; sourceTree = "<group>"; };
		8968863116F931C500B440B7 /* VDViewController.m */ = {isa = PBXFileReference; fileEncoding = 4; lastKnownFileType = sourcecode.c.objc; path = VDViewController.m; sourceTree = "<group>"; };
		8968863316F9320E00B440B7 /* VDRootViewController.h */ = {isa = PBXFileReference; fileEncoding = 4; lastKnownFileType = sourcecode.c.h; path = VDRootViewController.h; sourceTree = "<group>"; };
		8968863416F9320E00B440B7 /* VDRootViewController.m */ = {isa = PBXFileReference; fileEncoding = 4; lastKnownFileType = sourcecode.c.objc; path = VDRootViewController.m; sourceTree = "<group>"; };
		8968863616F932AE00B440B7 /* Main.storyboard */ = {isa = PBXFileReference; fileEncoding = 4; lastKnownFileType = file.storyboard; path = Main.storyboard; sourceTree = "<group>"; };
		8968863A16F933C200B440B7 /* AppFlow.storyboard */ = {isa = PBXFileReference; fileEncoding = 4; lastKnownFileType = file.storyboard; path = AppFlow.storyboard; sourceTree = "<group>"; };
		8968865416F93C4F00B440B7 /* VDLoginViewController.h */ = {isa = PBXFileReference; fileEncoding = 4; lastKnownFileType = sourcecode.c.h; path = VDLoginViewController.h; sourceTree = "<group>"; };
		8968865516F93C4F00B440B7 /* VDLoginViewController.m */ = {isa = PBXFileReference; fileEncoding = 4; lastKnownFileType = sourcecode.c.objc; path = VDLoginViewController.m; sourceTree = "<group>"; };
		8968865616F93C4F00B440B7 /* VDLoginViewController.xib */ = {isa = PBXFileReference; fileEncoding = 4; lastKnownFileType = file.xib; path = VDLoginViewController.xib; sourceTree = "<group>"; };
		8968865916F93DDE00B440B7 /* VDStartupPageViewController.h */ = {isa = PBXFileReference; fileEncoding = 4; lastKnownFileType = sourcecode.c.h; path = VDStartupPageViewController.h; sourceTree = "<group>"; };
		8968865A16F93DDE00B440B7 /* VDStartupPageViewController.m */ = {isa = PBXFileReference; fileEncoding = 4; lastKnownFileType = sourcecode.c.objc; path = VDStartupPageViewController.m; sourceTree = "<group>"; };
		8981229E16E8465E0028C05E /* Voir Dire.app */ = {isa = PBXFileReference; explicitFileType = wrapper.application; includeInIndex = 0; path = "Voir Dire.app"; sourceTree = BUILT_PRODUCTS_DIR; };
		898122A216E8465E0028C05E /* UIKit.framework */ = {isa = PBXFileReference; lastKnownFileType = wrapper.framework; name = UIKit.framework; path = System/Library/Frameworks/UIKit.framework; sourceTree = SDKROOT; };
		898122A416E8465E0028C05E /* Foundation.framework */ = {isa = PBXFileReference; lastKnownFileType = wrapper.framework; name = Foundation.framework; path = System/Library/Frameworks/Foundation.framework; sourceTree = SDKROOT; };
		898122A616E8465E0028C05E /* CoreGraphics.framework */ = {isa = PBXFileReference; lastKnownFileType = wrapper.framework; name = CoreGraphics.framework; path = System/Library/Frameworks/CoreGraphics.framework; sourceTree = SDKROOT; };
		898122A816E8465E0028C05E /* CoreData.framework */ = {isa = PBXFileReference; lastKnownFileType = wrapper.framework; name = CoreData.framework; path = System/Library/Frameworks/CoreData.framework; sourceTree = SDKROOT; };
		898122AE16E8465E0028C05E /* en */ = {isa = PBXFileReference; lastKnownFileType = text.plist.strings; name = en; path = en.lproj/InfoPlist.strings; sourceTree = "<group>"; };
		898122B316E8465E0028C05E /* VDAppDelegate.h */ = {isa = PBXFileReference; lastKnownFileType = sourcecode.c.h; path = VDAppDelegate.h; sourceTree = "<group>"; };
		898122B416E8465E0028C05E /* VDAppDelegate.m */ = {isa = PBXFileReference; lastKnownFileType = sourcecode.c.objc; path = VDAppDelegate.m; sourceTree = "<group>"; };
		89B2A9F116FF83F7008E10BA /* VDCaseDetailsViewController.h */ = {isa = PBXFileReference; fileEncoding = 4; lastKnownFileType = sourcecode.c.h; path = VDCaseDetailsViewController.h; sourceTree = "<group>"; };
		89B2A9F216FF83F7008E10BA /* VDCaseDetailsViewController.m */ = {isa = PBXFileReference; fileEncoding = 4; lastKnownFileType = sourcecode.c.objc; path = VDCaseDetailsViewController.m; sourceTree = "<group>"; };
		89B2A9F416FF83F7008E10BA /* VDCaseListCell.h */ = {isa = PBXFileReference; fileEncoding = 4; lastKnownFileType = sourcecode.c.h; path = VDCaseListCell.h; sourceTree = "<group>"; };
		89B2A9F516FF83F7008E10BA /* VDCaseListCell.m */ = {isa = PBXFileReference; fileEncoding = 4; lastKnownFileType = sourcecode.c.objc; path = VDCaseListCell.m; sourceTree = "<group>"; };
		89B2A9F616FF83F7008E10BA /* VDCaseListViewController.h */ = {isa = PBXFileReference; fileEncoding = 4; lastKnownFileType = sourcecode.c.h; path = VDCaseListViewController.h; sourceTree = "<group>"; };
		89B2A9F716FF83F7008E10BA /* VDCaseListViewController.m */ = {isa = PBXFileReference; fileEncoding = 4; lastKnownFileType = sourcecode.c.objc; path = VDCaseListViewController.m; sourceTree = "<group>"; };
		89B2A9F916FF83F7008E10BA /* VDLawFirmUserViewController.h */ = {isa = PBXFileReference; fileEncoding = 4; lastKnownFileType = sourcecode.c.h; path = VDLawFirmUserViewController.h; sourceTree = "<group>"; };
		89B2A9FA16FF83F7008E10BA /* VDLawFirmUserViewController.m */ = {isa = PBXFileReference; fileEncoding = 4; lastKnownFileType = sourcecode.c.objc; path = VDLawFirmUserViewController.m; sourceTree = "<group>"; };
		89B2A9FC16FF83F7008E10BA /* VDNotificationCell.h */ = {isa = PBXFileReference; fileEncoding = 4; lastKnownFileType = sourcecode.c.h; path = VDNotificationCell.h; sourceTree = "<group>"; };
		89B2A9FD16FF83F7008E10BA /* VDNotificationCell.m */ = {isa = PBXFileReference; fileEncoding = 4; lastKnownFileType = sourcecode.c.objc; path = VDNotificationCell.m; sourceTree = "<group>"; };
		89B2A9FE16FF83F7008E10BA /* VDNotificationListViewController.h */ = {isa = PBXFileReference; fileEncoding = 4; lastKnownFileType = sourcecode.c.h; path = VDNotificationListViewController.h; sourceTree = "<group>"; };
		89B2A9FF16FF83F7008E10BA /* VDNotificationListViewController.m */ = {isa = PBXFileReference; fileEncoding = 4; lastKnownFileType = sourcecode.c.objc; path = VDNotificationListViewController.m; sourceTree = "<group>"; };
		89B2AA0716FF8B2C008E10BA /* VDVoirDireViewController.h */ = {isa = PBXFileReference; fileEncoding = 4; lastKnownFileType = sourcecode.c.h; path = VDVoirDireViewController.h; sourceTree = "<group>"; };
		89B2AA0816FF8B2C008E10BA /* VDVoirDireViewController.m */ = {isa = PBXFileReference; fileEncoding = 4; lastKnownFileType = sourcecode.c.objc; path = VDVoirDireViewController.m; sourceTree = "<group>"; };
		89B2AA1016FF8F38008E10BA /* LXReorderableCollectionViewFlowLayout.h */ = {isa = PBXFileReference; fileEncoding = 4; lastKnownFileType = sourcecode.c.h; path = LXReorderableCollectionViewFlowLayout.h; sourceTree = "<group>"; };
		89B2AA1116FF8F38008E10BA /* LXReorderableCollectionViewFlowLayout.m */ = {isa = PBXFileReference; fileEncoding = 4; lastKnownFileType = sourcecode.c.objc; path = LXReorderableCollectionViewFlowLayout.m; sourceTree = "<group>"; };
		89B2AA1416FF93B6008E10BA /* VDJuryPoolViewController.h */ = {isa = PBXFileReference; fileEncoding = 4; lastKnownFileType = sourcecode.c.h; path = VDJuryPoolViewController.h; sourceTree = "<group>"; };
		89B2AA1516FF93B6008E10BA /* VDJuryPoolViewController.m */ = {isa = PBXFileReference; fileEncoding = 4; lastKnownFileType = sourcecode.c.objc; path = VDJuryPoolViewController.m; sourceTree = "<group>"; };
		89B2AA1A16FF9783008E10BA /* VDJurorViewCell.h */ = {isa = PBXFileReference; fileEncoding = 4; lastKnownFileType = sourcecode.c.h; path = VDJurorViewCell.h; sourceTree = "<group>"; };
		89B2AA1B16FF9783008E10BA /* VDJurorViewCell.m */ = {isa = PBXFileReference; fileEncoding = 4; lastKnownFileType = sourcecode.c.objc; path = VDJurorViewCell.m; sourceTree = "<group>"; };
		89B2AA1D16FF9799008E10BA /* VDJurorViewCell.xib */ = {isa = PBXFileReference; fileEncoding = 4; lastKnownFileType = file.xib; path = VDJurorViewCell.xib; sourceTree = "<group>"; };
/* End PBXFileReference section */

/* Begin PBXFrameworksBuildPhase section */
		8981229B16E8465E0028C05E /* Frameworks */ = {
			isa = PBXFrameworksBuildPhase;
			buildActionMask = 2147483647;
			files = (
				898122A316E8465E0028C05E /* UIKit.framework in Frameworks */,
				898122A516E8465E0028C05E /* Foundation.framework in Frameworks */,
				898122A716E8465E0028C05E /* CoreGraphics.framework in Frameworks */,
				898122A916E8465E0028C05E /* CoreData.framework in Frameworks */,
			);
			runOnlyForDeploymentPostprocessing = 0;
		};
/* End PBXFrameworksBuildPhase section */

/* Begin PBXGroup section */
		890ABBFA16FAA93B00BA4B08 /* Home */ = {
			isa = PBXGroup;
			children = (
				89B2A9F016FF83F7008E10BA /* CaseDetails */,
				89B2A9F316FF83F7008E10BA /* CaseList */,
				89B2A9F816FF83F7008E10BA /* LawFirmUser */,
				89B2A9FB16FF83F7008E10BA /* NotificationList */,
				890ABBFC16FAA94E00BA4B08 /* VDHomeViewController.h */,
				890ABBFD16FAA94E00BA4B08 /* VDHomeViewController.m */,
			);
			path = Home;
			sourceTree = "<group>";
		};
		890ABC1116FAB36F00BA4B08 /* Data Managers */ = {
			isa = PBXGroup;
			children = (
				890ABC1216FAB38300BA4B08 /* VDCurrentLawFirmUserManager.h */,
				890ABC1316FAB38300BA4B08 /* VDCurrentLawFirmUserManager.m */,
				890ABC1916FABA0600BA4B08 /* VDNotificationManager.h */,
				890ABC1A16FABA0600BA4B08 /* VDNotificationManager.m */,
				890ABC1C16FABC0100BA4B08 /* VDTrialCaseManager.h */,
				890ABC1D16FABC0100BA4B08 /* VDTrialCaseManager.m */,
				890ABC2B16FAC31400BA4B08 /* VDJurorManager.h */,
				890ABC2C16FAC31400BA4B08 /* VDJurorManager.m */,
			);
			path = "Data Managers";
			sourceTree = "<group>";
		};
		8968861716F92E9200B440B7 /* Images */ = {
			isa = PBXGroup;
			children = (
				8932B92916FE728100E9461C /* radio_selected.png */,
				8932B92A16FE728100E9461C /* radio_selected@2x.png */,
				8968861816F92E9200B440B7 /* Default-568h@2x.png */,
				8968861916F92E9200B440B7 /* Default.png */,
				8968861A16F92E9200B440B7 /* Default@2x.png */,
			);
			path = Images;
			sourceTree = "<group>";
		};
		8968861E16F92EBC00B440B7 /* Categories */ = {
			isa = PBXGroup;
			children = (
			);
			path = Categories;
			sourceTree = "<group>";
		};
		8968861F16F92ECE00B440B7 /* Data Model */ = {
			isa = PBXGroup;
			children = (
				8968862016F92ECE00B440B7 /* Voir_Dire.xcdatamodeld */,
				890ABC0516FAA9B800BA4B08 /* VDNotification.h */,
				890ABC0616FAA9B800BA4B08 /* VDNotification.m */,
				890ABC0816FAAA7D00BA4B08 /* VDTrialCase.h */,
				890ABC0916FAAA7D00BA4B08 /* VDTrialCase.m */,
				890ABC0B16FAABC700BA4B08 /* VDTrialCaseNote.h */,
				890ABC0C16FAABC700BA4B08 /* VDTrialCaseNote.m */,
				890ABC0E16FAAF2800BA4B08 /* VDLawFirmUser.h */,
				890ABC0F16FAAF2800BA4B08 /* VDLawFirmUser.m */,
				890ABC1516FAB60B00BA4B08 /* VDJuror.h */,
				890ABC1616FAB60C00BA4B08 /* VDJuror.m */,
				890ABC1816FAB6AE00BA4B08 /* VDDataModelEnums.h */,
			);
			path = "Data Model";
			sourceTree = "<group>";
		};
		8968862316F92EDC00B440B7 /* Protocols */ = {
			isa = PBXGroup;
			children = (
			);
			path = Protocols;
			sourceTree = "<group>";
		};
		8968862416F92EE400B440B7 /* Storyboards */ = {
			isa = PBXGroup;
			children = (
				8968863A16F933C200B440B7 /* AppFlow.storyboard */,
				8968863616F932AE00B440B7 /* Main.storyboard */,
			);
			path = Storyboards;
			sourceTree = "<group>";
		};
		8968862516F92EEC00B440B7 /* Util */ = {
			isa = PBXGroup;
			children = (
			);
			path = Util;
			sourceTree = "<group>";
		};
		8968862616F92EF600B440B7 /* View Controllers */ = {
			isa = PBXGroup;
			children = (
				8968865316F93C4F00B440B7 /* Login */,
				8968864A16F9394600B440B7 /* AppFlow */,
				89B2AA0616FF8B17008E10BA /* VoirDire */,
				890ABBFA16FAA93B00BA4B08 /* Home */,
				8968863016F931C500B440B7 /* VDViewController.h */,
				8968863116F931C500B440B7 /* VDViewController.m */,
				8968863316F9320E00B440B7 /* VDRootViewController.h */,
				8968863416F9320E00B440B7 /* VDRootViewController.m */,
			);
			path = "View Controllers";
			sourceTree = "<group>";
		};
		8968862716F92EFF00B440B7 /* Views */ = {
			isa = PBXGroup;
			children = (
				89B2AA1816FF975F008E10BA /* Juror */,
				89B2AA1916FF975F008E10BA /* JurorDetails */,
			);
			path = Views;
			sourceTree = "<group>";
		};
		8968862816F92F0E00B440B7 /* WebServices */ = {
			isa = PBXGroup;
			children = (
			);
			path = WebServices;
			sourceTree = "<group>";
		};
		8968864A16F9394600B440B7 /* AppFlow */ = {
			isa = PBXGroup;
			children = (
				8968865916F93DDE00B440B7 /* VDStartupPageViewController.h */,
				8968865A16F93DDE00B440B7 /* VDStartupPageViewController.m */,
			);
			path = AppFlow;
			sourceTree = "<group>";
		};
		8968865316F93C4F00B440B7 /* Login */ = {
			isa = PBXGroup;
			children = (
				8968865416F93C4F00B440B7 /* VDLoginViewController.h */,
				8968865516F93C4F00B440B7 /* VDLoginViewController.m */,
				8968865616F93C4F00B440B7 /* VDLoginViewController.xib */,
			);
			path = Login;
			sourceTree = "<group>";
		};
		8981229316E8465E0028C05E = {
			isa = PBXGroup;
			children = (
				898122AA16E8465E0028C05E /* Voir Dire */,
				898122A116E8465E0028C05E /* Frameworks */,
				8981229F16E8465E0028C05E /* Products */,
			);
			sourceTree = "<group>";
		};
		8981229F16E8465E0028C05E /* Products */ = {
			isa = PBXGroup;
			children = (
				8981229E16E8465E0028C05E /* Voir Dire.app */,
			);
			name = Products;
			sourceTree = "<group>";
		};
		898122A116E8465E0028C05E /* Frameworks */ = {
			isa = PBXGroup;
			children = (
				898122A216E8465E0028C05E /* UIKit.framework */,
				898122A416E8465E0028C05E /* Foundation.framework */,
				898122A616E8465E0028C05E /* CoreGraphics.framework */,
				898122A816E8465E0028C05E /* CoreData.framework */,
			);
			name = Frameworks;
			sourceTree = "<group>";
		};
		898122AA16E8465E0028C05E /* Voir Dire */ = {
			isa = PBXGroup;
			children = (
				89B2AA0E16FF8F38008E10BA /* Libraries */,
				8968862816F92F0E00B440B7 /* WebServices */,
				8968862716F92EFF00B440B7 /* Views */,
				8968862616F92EF600B440B7 /* View Controllers */,
				8968862516F92EEC00B440B7 /* Util */,
				8968862416F92EE400B440B7 /* Storyboards */,
				8968862316F92EDC00B440B7 /* Protocols */,
				8968861F16F92ECE00B440B7 /* Data Model */,
				890ABC1116FAB36F00BA4B08 /* Data Managers */,
				8968861E16F92EBC00B440B7 /* Categories */,
				8968861716F92E9200B440B7 /* Images */,
				898122B316E8465E0028C05E /* VDAppDelegate.h */,
				898122B416E8465E0028C05E /* VDAppDelegate.m */,
				898122AB16E8465E0028C05E /* Resources */,
				8968862D16F92F7900B440B7 /* VDConstants.h */,
			);
			path = "Voir Dire";
			sourceTree = "<group>";
		};
		898122AB16E8465E0028C05E /* Resources */ = {
			isa = PBXGroup;
			children = (
				8968861216F92E7D00B440B7 /* main.m */,
				8968861316F92E7D00B440B7 /* Voir Dire-Info.plist */,
				8968861416F92E7D00B440B7 /* Voir Dire-Prefix.pch */,
				898122AD16E8465E0028C05E /* InfoPlist.strings */,
			);
			name = Resources;
			sourceTree = "<group>";
		};
		89B2A9F016FF83F7008E10BA /* CaseDetails */ = {
			isa = PBXGroup;
			children = (
				89B2A9F116FF83F7008E10BA /* VDCaseDetailsViewController.h */,
				89B2A9F216FF83F7008E10BA /* VDCaseDetailsViewController.m */,
			);
			path = CaseDetails;
			sourceTree = "<group>";
		};
		89B2A9F316FF83F7008E10BA /* CaseList */ = {
			isa = PBXGroup;
			children = (
				89B2A9F416FF83F7008E10BA /* VDCaseListCell.h */,
				89B2A9F516FF83F7008E10BA /* VDCaseListCell.m */,
				89B2A9F616FF83F7008E10BA /* VDCaseListViewController.h */,
				89B2A9F716FF83F7008E10BA /* VDCaseListViewController.m */,
			);
			path = CaseList;
			sourceTree = "<group>";
		};
		89B2A9F816FF83F7008E10BA /* LawFirmUser */ = {
			isa = PBXGroup;
			children = (
				89B2A9F916FF83F7008E10BA /* VDLawFirmUserViewController.h */,
				89B2A9FA16FF83F7008E10BA /* VDLawFirmUserViewController.m */,
			);
			path = LawFirmUser;
			sourceTree = "<group>";
		};
		89B2A9FB16FF83F7008E10BA /* NotificationList */ = {
			isa = PBXGroup;
			children = (
				89B2A9FC16FF83F7008E10BA /* VDNotificationCell.h */,
				89B2A9FD16FF83F7008E10BA /* VDNotificationCell.m */,
				89B2A9FE16FF83F7008E10BA /* VDNotificationListViewController.h */,
				89B2A9FF16FF83F7008E10BA /* VDNotificationListViewController.m */,
			);
			path = NotificationList;
			sourceTree = "<group>";
		};
		89B2AA0616FF8B17008E10BA /* VoirDire */ = {
			isa = PBXGroup;
			children = (
				89B2AA1316FF9392008E10BA /* JuryPool */,
				89B2AA0716FF8B2C008E10BA /* VDVoirDireViewController.h */,
				89B2AA0816FF8B2C008E10BA /* VDVoirDireViewController.m */,
			);
			path = VoirDire;
			sourceTree = "<group>";
		};
		89B2AA0E16FF8F38008E10BA /* Libraries */ = {
			isa = PBXGroup;
			children = (
				89B2AA0F16FF8F38008E10BA /* LXReorderableCollectionViewFlowLayout */,
			);
			path = Libraries;
			sourceTree = "<group>";
		};
		89B2AA0F16FF8F38008E10BA /* LXReorderableCollectionViewFlowLayout */ = {
			isa = PBXGroup;
			children = (
				89B2AA1016FF8F38008E10BA /* LXReorderableCollectionViewFlowLayout.h */,
				89B2AA1116FF8F38008E10BA /* LXReorderableCollectionViewFlowLayout.m */,
			);
			path = LXReorderableCollectionViewFlowLayout;
			sourceTree = "<group>";
		};
		89B2AA1316FF9392008E10BA /* JuryPool */ = {
			isa = PBXGroup;
			children = (
				89B2AA1416FF93B6008E10BA /* VDJuryPoolViewController.h */,
				89B2AA1516FF93B6008E10BA /* VDJuryPoolViewController.m */,
			);
			path = JuryPool;
			sourceTree = "<group>";
		};
		89B2AA1816FF975F008E10BA /* Juror */ = {
			isa = PBXGroup;
			children = (
				89B2AA1A16FF9783008E10BA /* VDJurorViewCell.h */,
				89B2AA1B16FF9783008E10BA /* VDJurorViewCell.m */,
				89B2AA1D16FF9799008E10BA /* VDJurorViewCell.xib */,
			);
			path = Juror;
			sourceTree = "<group>";
		};
		89B2AA1916FF975F008E10BA /* JurorDetails */ = {
			isa = PBXGroup;
			children = (
			);
			path = JurorDetails;
			sourceTree = "<group>";
		};
/* End PBXGroup section */

/* Begin PBXNativeTarget section */
		8981229D16E8465E0028C05E /* Voir Dire */ = {
			isa = PBXNativeTarget;
			buildConfigurationList = 898122C116E8465E0028C05E /* Build configuration list for PBXNativeTarget "Voir Dire" */;
			buildPhases = (
				8981229A16E8465E0028C05E /* Sources */,
				8981229B16E8465E0028C05E /* Frameworks */,
				8981229C16E8465E0028C05E /* Resources */,
			);
			buildRules = (
			);
			dependencies = (
			);
			name = "Voir Dire";
			productName = "Voir Dire";
			productReference = 8981229E16E8465E0028C05E /* Voir Dire.app */;
			productType = "com.apple.product-type.application";
		};
/* End PBXNativeTarget section */

/* Begin PBXProject section */
		8981229516E8465E0028C05E /* Project object */ = {
			isa = PBXProject;
			attributes = {
				CLASSPREFIX = VD;
				LastUpgradeCheck = 0450;
				ORGANIZATIONNAME = "Voir Dire";
			};
			buildConfigurationList = 8981229816E8465E0028C05E /* Build configuration list for PBXProject "Voir Dire" */;
			compatibilityVersion = "Xcode 3.2";
			developmentRegion = English;
			hasScannedForEncodings = 0;
			knownRegions = (
				en,
			);
			mainGroup = 8981229316E8465E0028C05E;
			productRefGroup = 8981229F16E8465E0028C05E /* Products */;
			projectDirPath = "";
			projectRoot = "";
			targets = (
				8981229D16E8465E0028C05E /* Voir Dire */,
			);
		};
/* End PBXProject section */

/* Begin PBXResourcesBuildPhase section */
		8981229C16E8465E0028C05E /* Resources */ = {
			isa = PBXResourcesBuildPhase;
			buildActionMask = 2147483647;
			files = (
				898122AF16E8465E0028C05E /* InfoPlist.strings in Resources */,
				8968861B16F92E9200B440B7 /* Default-568h@2x.png in Resources */,
				8968861C16F92E9200B440B7 /* Default.png in Resources */,
				8968861D16F92E9200B440B7 /* Default@2x.png in Resources */,
				8968863716F932AE00B440B7 /* Main.storyboard in Resources */,
				8968863B16F933C200B440B7 /* AppFlow.storyboard in Resources */,
				8968865816F93C4F00B440B7 /* VDLoginViewController.xib in Resources */,
				8932B92B16FE728100E9461C /* radio_selected.png in Resources */,
				8932B92C16FE728100E9461C /* radio_selected@2x.png in Resources */,
				89B2AA1E16FF9799008E10BA /* VDJurorViewCell.xib in Resources */,
			);
			runOnlyForDeploymentPostprocessing = 0;
		};
/* End PBXResourcesBuildPhase section */

/* Begin PBXSourcesBuildPhase section */
		8981229A16E8465E0028C05E /* Sources */ = {
			isa = PBXSourcesBuildPhase;
			buildActionMask = 2147483647;
			files = (
				898122B516E8465E0028C05E /* VDAppDelegate.m in Sources */,
				8968861516F92E7D00B440B7 /* main.m in Sources */,
				8968862216F92ECE00B440B7 /* Voir_Dire.xcdatamodeld in Sources */,
				8968863216F931C500B440B7 /* VDViewController.m in Sources */,
				8968863516F9320E00B440B7 /* VDRootViewController.m in Sources */,
				8968865716F93C4F00B440B7 /* VDLoginViewController.m in Sources */,
				8968865B16F93DDE00B440B7 /* VDStartupPageViewController.m in Sources */,
				890ABBFE16FAA94E00BA4B08 /* VDHomeViewController.m in Sources */,
				890ABC0716FAA9B800BA4B08 /* VDNotification.m in Sources */,
				890ABC0A16FAAA7D00BA4B08 /* VDTrialCase.m in Sources */,
				890ABC0D16FAABC700BA4B08 /* VDTrialCaseNote.m in Sources */,
				890ABC1016FAAF2800BA4B08 /* VDLawFirmUser.m in Sources */,
				890ABC1416FAB38300BA4B08 /* VDCurrentLawFirmUserManager.m in Sources */,
				890ABC1716FAB60C00BA4B08 /* VDJuror.m in Sources */,
				890ABC1B16FABA0600BA4B08 /* VDNotificationManager.m in Sources */,
				890ABC1E16FABC0100BA4B08 /* VDTrialCaseManager.m in Sources */,
				890ABC2D16FAC31400BA4B08 /* VDJurorManager.m in Sources */,
				89B2AA0016FF83F7008E10BA /* VDCaseDetailsViewController.m in Sources */,
				89B2AA0116FF83F7008E10BA /* VDCaseListCell.m in Sources */,
				89B2AA0216FF83F7008E10BA /* VDCaseListViewController.m in Sources */,
				89B2AA0316FF83F7008E10BA /* VDLawFirmUserViewController.m in Sources */,
				89B2AA0416FF83F7008E10BA /* VDNotificationCell.m in Sources */,
				89B2AA0516FF83F7008E10BA /* VDNotificationListViewController.m in Sources */,
				89B2AA0916FF8B2C008E10BA /* VDVoirDireViewController.m in Sources */,
				89B2AA1216FF8F38008E10BA /* LXReorderableCollectionViewFlowLayout.m in Sources */,
				89B2AA1616FF93B6008E10BA /* VDJuryPoolViewController.m in Sources */,
				89B2AA1C16FF9783008E10BA /* VDJurorViewCell.m in Sources */,
			);
			runOnlyForDeploymentPostprocessing = 0;
		};
/* End PBXSourcesBuildPhase section */

/* Begin PBXVariantGroup section */
		898122AD16E8465E0028C05E /* InfoPlist.strings */ = {
			isa = PBXVariantGroup;
			children = (
				898122AE16E8465E0028C05E /* en */,
			);
			name = InfoPlist.strings;
			sourceTree = "<group>";
		};
/* End PBXVariantGroup section */

/* Begin XCBuildConfiguration section */
		898122BF16E8465E0028C05E /* Debug */ = {
			isa = XCBuildConfiguration;
			buildSettings = {
				ALWAYS_SEARCH_USER_PATHS = NO;
				CLANG_CXX_LANGUAGE_STANDARD = "gnu++0x";
				CLANG_CXX_LIBRARY = "libc++";
				CLANG_ENABLE_OBJC_ARC = YES;
				CLANG_WARN_EMPTY_BODY = YES;
				CLANG_WARN__DUPLICATE_METHOD_MATCH = YES;
				"CODE_SIGN_IDENTITY[sdk=iphoneos*]" = "iPhone Developer";
				COPY_PHASE_STRIP = NO;
				GCC_C_LANGUAGE_STANDARD = gnu99;
				GCC_DYNAMIC_NO_PIC = NO;
				GCC_OPTIMIZATION_LEVEL = 0;
				GCC_PREPROCESSOR_DEFINITIONS = (
					"DEBUG=1",
					"$(inherited)",
				);
				GCC_SYMBOLS_PRIVATE_EXTERN = NO;
				GCC_WARN_ABOUT_RETURN_TYPE = YES;
				GCC_WARN_UNINITIALIZED_AUTOS = YES;
				GCC_WARN_UNUSED_VARIABLE = YES;
				IPHONEOS_DEPLOYMENT_TARGET = 6.0;
				ONLY_ACTIVE_ARCH = YES;
				SDKROOT = iphoneos;
				TARGETED_DEVICE_FAMILY = 2;
			};
			name = Debug;
		};
		898122C016E8465E0028C05E /* Release */ = {
			isa = XCBuildConfiguration;
			buildSettings = {
				ALWAYS_SEARCH_USER_PATHS = NO;
				CLANG_CXX_LANGUAGE_STANDARD = "gnu++0x";
				CLANG_CXX_LIBRARY = "libc++";
				CLANG_ENABLE_OBJC_ARC = YES;
				CLANG_WARN_EMPTY_BODY = YES;
				CLANG_WARN__DUPLICATE_METHOD_MATCH = YES;
				"CODE_SIGN_IDENTITY[sdk=iphoneos*]" = "iPhone Developer";
				COPY_PHASE_STRIP = YES;
				GCC_C_LANGUAGE_STANDARD = gnu99;
				GCC_WARN_ABOUT_RETURN_TYPE = YES;
				GCC_WARN_UNINITIALIZED_AUTOS = YES;
				GCC_WARN_UNUSED_VARIABLE = YES;
				IPHONEOS_DEPLOYMENT_TARGET = 6.0;
				OTHER_CFLAGS = "-DNS_BLOCK_ASSERTIONS=1";
				SDKROOT = iphoneos;
				TARGETED_DEVICE_FAMILY = 2;
				VALIDATE_PRODUCT = YES;
			};
			name = Release;
		};
		898122C216E8465E0028C05E /* Debug */ = {
			isa = XCBuildConfiguration;
			buildSettings = {
				GCC_PRECOMPILE_PREFIX_HEADER = YES;
				GCC_PREFIX_HEADER = "Voir Dire/Resources/Voir Dire-Prefix.pch";
				INFOPLIST_FILE = "Voir Dire/Resources/Voir Dire-Info.plist";
				PRODUCT_NAME = "$(TARGET_NAME)";
				WRAPPER_EXTENSION = app;
			};
			name = Debug;
		};
		898122C316E8465E0028C05E /* Release */ = {
			isa = XCBuildConfiguration;
			buildSettings = {
				GCC_PRECOMPILE_PREFIX_HEADER = YES;
				GCC_PREFIX_HEADER = "Voir Dire/Resources/Voir Dire-Prefix.pch";
				INFOPLIST_FILE = "Voir Dire/Resources/Voir Dire-Info.plist";
				PRODUCT_NAME = "$(TARGET_NAME)";
				WRAPPER_EXTENSION = app;
			};
			name = Release;
		};
/* End XCBuildConfiguration section */

/* Begin XCConfigurationList section */
		8981229816E8465E0028C05E /* Build configuration list for PBXProject "Voir Dire" */ = {
			isa = XCConfigurationList;
			buildConfigurations = (
				898122BF16E8465E0028C05E /* Debug */,
				898122C016E8465E0028C05E /* Release */,
			);
			defaultConfigurationIsVisible = 0;
			defaultConfigurationName = Release;
		};
		898122C116E8465E0028C05E /* Build configuration list for PBXNativeTarget "Voir Dire" */ = {
			isa = XCConfigurationList;
			buildConfigurations = (
				898122C216E8465E0028C05E /* Debug */,
				898122C316E8465E0028C05E /* Release */,
			);
			defaultConfigurationIsVisible = 0;
			defaultConfigurationName = Release;
		};
/* End XCConfigurationList section */

/* Begin XCVersionGroup section */
		8968862016F92ECE00B440B7 /* Voir_Dire.xcdatamodeld */ = {
			isa = XCVersionGroup;
			children = (
				8968862116F92ECE00B440B7 /* Voir_Dire.xcdatamodel */,
			);
			currentVersion = 8968862116F92ECE00B440B7 /* Voir_Dire.xcdatamodel */;
			path = Voir_Dire.xcdatamodeld;
			sourceTree = "<group>";
			versionGroupType = wrapper.xcdatamodel;
		};
/* End XCVersionGroup section */
	};
	rootObject = 8981229516E8465E0028C05E /* Project object */;
}
