// !$*UTF8*$!
{
	archiveVersion = 1;
	classes = {
	};
	objectVersion = 46;
	objects = {

/* Begin PBXBuildFile section */
		89038E4517012A4F00683FAB /* VDJurorDetailsViewController.m in Sources */ = {isa = PBXBuildFile; fileRef = 89038E4317012A4F00683FAB /* VDJurorDetailsViewController.m */; };
		89038E4617012A4F00683FAB /* VDJurorDetailsViewController.xib in Resources */ = {isa = PBXBuildFile; fileRef = 89038E4417012A4F00683FAB /* VDJurorDetailsViewController.xib */; };
		890ABBFE16FAA94E00BA4B08 /* VDHomeViewController.m in Sources */ = {isa = PBXBuildFile; fileRef = 890ABBFD16FAA94E00BA4B08 /* VDHomeViewController.m */; };
		890ABC0716FAA9B800BA4B08 /* VDNotification.m in Sources */ = {isa = PBXBuildFile; fileRef = 890ABC0616FAA9B800BA4B08 /* VDNotification.m */; };
		890ABC0A16FAAA7D00BA4B08 /* VDTrialCase.m in Sources */ = {isa = PBXBuildFile; fileRef = 890ABC0916FAAA7D00BA4B08 /* VDTrialCase.m */; };
		890ABC0D16FAABC700BA4B08 /* VDTrialCaseNote.m in Sources */ = {isa = PBXBuildFile; fileRef = 890ABC0C16FAABC700BA4B08 /* VDTrialCaseNote.m */; };
		890ABC1016FAAF2800BA4B08 /* VDLawFirmUser.m in Sources */ = {isa = PBXBuildFile; fileRef = 890ABC0F16FAAF2800BA4B08 /* VDLawFirmUser.m */; };
		890ABC1416FAB38300BA4B08 /* VDCurrentLawFirmUserManager.m in Sources */ = {isa = PBXBuildFile; fileRef = 890ABC1316FAB38300BA4B08 /* VDCurrentLawFirmUserManager.m */; };
		890ABC1716FAB60C00BA4B08 /* VDJuror.m in Sources */ = {isa = PBXBuildFile; fileRef = 890ABC1616FAB60C00BA4B08 /* VDJuror.m */; };
		890ABC1B16FABA0600BA4B08 /* VDNotificationManager.m in Sources */ = {isa = PBXBuildFile; fileRef = 890ABC1A16FABA0600BA4B08 /* VDNotificationManager.m */; };
		890ABC1E16FABC0100BA4B08 /* VDTrialCaseManager.m in Sources */ = {isa = PBXBuildFile; fileRef = 890ABC1D16FABC0100BA4B08 /* VDTrialCaseManager.m */; };
		890ABC2D16FAC31400BA4B08 /* VDJurorManager.m in Sources */ = {isa = PBXBuildFile; fileRef = 890ABC2C16FAC31400BA4B08 /* VDJurorManager.m */; };
		894AF8931703E0F00052D19E /* arrow_down.png in Resources */ = {isa = PBXBuildFile; fileRef = 894AF8771703E0F00052D19E /* arrow_down.png */; };
		894AF8941703E0F00052D19E /* arrow_left.png in Resources */ = {isa = PBXBuildFile; fileRef = 894AF8781703E0F00052D19E /* arrow_left.png */; };
		894AF8951703E0F00052D19E /* arrow_right.png in Resources */ = {isa = PBXBuildFile; fileRef = 894AF8791703E0F00052D19E /* arrow_right.png */; };
		894AF8961703E0F00052D19E /* arrow_up.png in Resources */ = {isa = PBXBuildFile; fileRef = 894AF87A1703E0F00052D19E /* arrow_up.png */; };
		894AF8971703E0F00052D19E /* btn_back.png in Resources */ = {isa = PBXBuildFile; fileRef = 894AF87B1703E0F00052D19E /* btn_back.png */; };
		894AF8981703E0F00052D19E /* btn_forward.png in Resources */ = {isa = PBXBuildFile; fileRef = 894AF87C1703E0F00052D19E /* btn_forward.png */; };
		894AF8991703E0F00052D19E /* btn_home.png in Resources */ = {isa = PBXBuildFile; fileRef = 894AF87D1703E0F00052D19E /* btn_home.png */; };
		894AF89A1703E0F00052D19E /* btn_logout.png in Resources */ = {isa = PBXBuildFile; fileRef = 894AF87E1703E0F00052D19E /* btn_logout.png */; };
		894AF89B1703E0F00052D19E /* Default-568h@2x.png in Resources */ = {isa = PBXBuildFile; fileRef = 894AF87F1703E0F00052D19E /* Default-568h@2x.png */; };
		894AF89C1703E0F00052D19E /* Default.png in Resources */ = {isa = PBXBuildFile; fileRef = 894AF8801703E0F00052D19E /* Default.png */; };
		894AF89D1703E0F00052D19E /* Default@2x.png in Resources */ = {isa = PBXBuildFile; fileRef = 894AF8811703E0F00052D19E /* Default@2x.png */; };
		894AF89E1703E0F00052D19E /* flag_blue.png in Resources */ = {isa = PBXBuildFile; fileRef = 894AF8821703E0F00052D19E /* flag_blue.png */; };
		894AF89F1703E0F00052D19E /* flag_finish.png in Resources */ = {isa = PBXBuildFile; fileRef = 894AF8831703E0F00052D19E /* flag_finish.png */; };
		894AF8A01703E0F00052D19E /* flag_green.png in Resources */ = {isa = PBXBuildFile; fileRef = 894AF8841703E0F00052D19E /* flag_green.png */; };
		894AF8A11703E0F00052D19E /* flag_orange.png in Resources */ = {isa = PBXBuildFile; fileRef = 894AF8851703E0F00052D19E /* flag_orange.png */; };
		894AF8A21703E0F00052D19E /* flag_pink.png in Resources */ = {isa = PBXBuildFile; fileRef = 894AF8861703E0F00052D19E /* flag_pink.png */; };
		894AF8A31703E0F00052D19E /* flag_purple.png in Resources */ = {isa = PBXBuildFile; fileRef = 894AF8871703E0F00052D19E /* flag_purple.png */; };
		894AF8A41703E0F00052D19E /* flag_red.png in Resources */ = {isa = PBXBuildFile; fileRef = 894AF8881703E0F00052D19E /* flag_red.png */; };
		894AF8A51703E0F00052D19E /* flag_yellow.png in Resources */ = {isa = PBXBuildFile; fileRef = 894AF8891703E0F00052D19E /* flag_yellow.png */; };
		894AF8A61703E0F00052D19E /* icon_check.png in Resources */ = {isa = PBXBuildFile; fileRef = 894AF88A1703E0F00052D19E /* icon_check.png */; };
		894AF8A71703E0F00052D19E /* icon_minus.png in Resources */ = {isa = PBXBuildFile; fileRef = 894AF88B1703E0F00052D19E /* icon_minus.png */; };
		894AF8A81703E0F00052D19E /* icon_plus.png in Resources */ = {isa = PBXBuildFile; fileRef = 894AF88C1703E0F00052D19E /* icon_plus.png */; };
		894AF8A91703E0F00052D19E /* icon_x.png in Resources */ = {isa = PBXBuildFile; fileRef = 894AF88D1703E0F00052D19E /* icon_x.png */; };
		894AF8AA1703E0F00052D19E /* radio_selected.png in Resources */ = {isa = PBXBuildFile; fileRef = 894AF88E1703E0F00052D19E /* radio_selected.png */; };
		894AF8AB1703E0F00052D19E /* radio_unselected.png in Resources */ = {isa = PBXBuildFile; fileRef = 894AF88F1703E0F00052D19E /* radio_unselected.png */; };
		894AF8AC1703E0F00052D19E /* star_empty.png in Resources */ = {isa = PBXBuildFile; fileRef = 894AF8901703E0F00052D19E /* star_empty.png */; };
		894AF8AD1703E0F00052D19E /* star_full.png in Resources */ = {isa = PBXBuildFile; fileRef = 894AF8911703E0F00052D19E /* star_full.png */; };
		894AF8AE1703E0F00052D19E /* star_half.png in Resources */ = {isa = PBXBuildFile; fileRef = 894AF8921703E0F00052D19E /* star_half.png */; };
		894AF8BC1703E2C50052D19E /* avatar_asian_female.png in Resources */ = {isa = PBXBuildFile; fileRef = 894AF8AF1703E2C40052D19E /* avatar_asian_female.png */; };
		894AF8BD1703E2C50052D19E /* avatar_asian_male.png in Resources */ = {isa = PBXBuildFile; fileRef = 894AF8B01703E2C40052D19E /* avatar_asian_male.png */; };
		894AF8BE1703E2C50052D19E /* avatar_black_female.png in Resources */ = {isa = PBXBuildFile; fileRef = 894AF8B11703E2C40052D19E /* avatar_black_female.png */; };
		894AF8BF1703E2C50052D19E /* avatar_black_male.png in Resources */ = {isa = PBXBuildFile; fileRef = 894AF8B21703E2C40052D19E /* avatar_black_male.png */; };
		894AF8C01703E2C50052D19E /* avatar_latino_female.png in Resources */ = {isa = PBXBuildFile; fileRef = 894AF8B31703E2C40052D19E /* avatar_latino_female.png */; };
		894AF8C11703E2C50052D19E /* avatar_latino_male.png in Resources */ = {isa = PBXBuildFile; fileRef = 894AF8B41703E2C40052D19E /* avatar_latino_male.png */; };
		894AF8C21703E2C50052D19E /* avatar_luchadore_blue.png in Resources */ = {isa = PBXBuildFile; fileRef = 894AF8B51703E2C40052D19E /* avatar_luchadore_blue.png */; };
		894AF8C31703E2C50052D19E /* avatar_luchadore_red.png in Resources */ = {isa = PBXBuildFile; fileRef = 894AF8B61703E2C40052D19E /* avatar_luchadore_red.png */; };
		894AF8C41703E2C50052D19E /* avatar_mrt.png in Resources */ = {isa = PBXBuildFile; fileRef = 894AF8B71703E2C40052D19E /* avatar_mrt.png */; };
		894AF8C51703E2C50052D19E /* avatar_pacificislander_female.png in Resources */ = {isa = PBXBuildFile; fileRef = 894AF8B81703E2C40052D19E /* avatar_pacificislander_female.png */; };
		894AF8C61703E2C50052D19E /* avatar_pacificislander_male.png in Resources */ = {isa = PBXBuildFile; fileRef = 894AF8B91703E2C40052D19E /* avatar_pacificislander_male.png */; };
		894AF8C71703E2C50052D19E /* avatar_white_female.png in Resources */ = {isa = PBXBuildFile; fileRef = 894AF8BA1703E2C40052D19E /* avatar_white_female.png */; };
		894AF8C81703E2C50052D19E /* avatar_white_male.png in Resources */ = {isa = PBXBuildFile; fileRef = 894AF8BB1703E2C40052D19E /* avatar_white_male.png */; };
		894AF8CB1703E37D0052D19E /* VDJurorToAvatar.m in Sources */ = {isa = PBXBuildFile; fileRef = 894AF8CA1703E37C0052D19E /* VDJurorToAvatar.m */; };
		894AF8CD1703E42E0052D19E /* avatar_luchadore_green.png in Resources */ = {isa = PBXBuildFile; fileRef = 894AF8CC1703E42E0052D19E /* avatar_luchadore_green.png */; };
		894AF8D01703E5C30052D19E /* avatar_americanindian_female.png in Resources */ = {isa = PBXBuildFile; fileRef = 894AF8CE1703E5C30052D19E /* avatar_americanindian_female.png */; };
		894AF8D11703E5C30052D19E /* avatar_americanindian_male.png in Resources */ = {isa = PBXBuildFile; fileRef = 894AF8CF1703E5C30052D19E /* avatar_americanindian_male.png */; };
		8954B79D17176D22006AE653 /* VDQuestion.m in Sources */ = {isa = PBXBuildFile; fileRef = 8954B79C17176D22006AE653 /* VDQuestion.m */; };
		8954B7A017176F45006AE653 /* VDJurorQuestionManager.m in Sources */ = {isa = PBXBuildFile; fileRef = 8954B79F17176F45006AE653 /* VDJurorQuestionManager.m */; };
		8954B7A9171773B3006AE653 /* VDQuickQuestion.m in Sources */ = {isa = PBXBuildFile; fileRef = 8954B7A8171773B3006AE653 /* VDQuickQuestion.m */; };
		8954B7AC171773C4006AE653 /* VDJurorQuestion.m in Sources */ = {isa = PBXBuildFile; fileRef = 8954B7AB171773C4006AE653 /* VDJurorQuestion.m */; };
		8954B7AF171773DB006AE653 /* VDJurorToQuickQuestion.m in Sources */ = {isa = PBXBuildFile; fileRef = 8954B7AE171773DB006AE653 /* VDJurorToQuickQuestion.m */; };
		8954B7B2171774C2006AE653 /* VDQuickQuestionManager.m in Sources */ = {isa = PBXBuildFile; fileRef = 8954B7B1171774C2006AE653 /* VDQuickQuestionManager.m */; };
		8954B7B517177B3B006AE653 /* VDJurorNoteManager.m in Sources */ = {isa = PBXBuildFile; fileRef = 8954B7B417177B3B006AE653 /* VDJurorNoteManager.m */; };
		8954B7B917178A0C006AE653 /* VDCompoundQuickQuestion.m in Sources */ = {isa = PBXBuildFile; fileRef = 8954B7B817178A0C006AE653 /* VDCompoundQuickQuestion.m */; };
		8968861516F92E7D00B440B7 /* main.m in Sources */ = {isa = PBXBuildFile; fileRef = 8968861216F92E7D00B440B7 /* main.m */; };
		8968862216F92ECE00B440B7 /* Voir_Dire.xcdatamodeld in Sources */ = {isa = PBXBuildFile; fileRef = 8968862016F92ECE00B440B7 /* Voir_Dire.xcdatamodeld */; };
		8968863216F931C500B440B7 /* VDViewController.m in Sources */ = {isa = PBXBuildFile; fileRef = 8968863116F931C500B440B7 /* VDViewController.m */; };
		8968863516F9320E00B440B7 /* VDRootViewController.m in Sources */ = {isa = PBXBuildFile; fileRef = 8968863416F9320E00B440B7 /* VDRootViewController.m */; };
		8968863716F932AE00B440B7 /* Main.storyboard in Resources */ = {isa = PBXBuildFile; fileRef = 8968863616F932AE00B440B7 /* Main.storyboard */; };
		8968863B16F933C200B440B7 /* AppFlow.storyboard in Resources */ = {isa = PBXBuildFile; fileRef = 8968863A16F933C200B440B7 /* AppFlow.storyboard */; };
		8968865716F93C4F00B440B7 /* VDLoginViewController.m in Sources */ = {isa = PBXBuildFile; fileRef = 8968865516F93C4F00B440B7 /* VDLoginViewController.m */; };
		8968865816F93C4F00B440B7 /* VDLoginViewController.xib in Resources */ = {isa = PBXBuildFile; fileRef = 8968865616F93C4F00B440B7 /* VDLoginViewController.xib */; };
		8968865B16F93DDE00B440B7 /* VDStartupPageViewController.m in Sources */ = {isa = PBXBuildFile; fileRef = 8968865A16F93DDE00B440B7 /* VDStartupPageViewController.m */; };
		897C867E170BD28D00ECF850 /* VDLogoutHandleButton.m in Sources */ = {isa = PBXBuildFile; fileRef = 897C867D170BD28D00ECF850 /* VDLogoutHandleButton.m */; };
		897C8682170BD78700ECF850 /* VDBackHandleButton.m in Sources */ = {isa = PBXBuildFile; fileRef = 897C8681170BD78700ECF850 /* VDBackHandleButton.m */; };
		897C8685170BDA0B00ECF850 /* VDHomeHandleButton.m in Sources */ = {isa = PBXBuildFile; fileRef = 897C8684170BDA0B00ECF850 /* VDHomeHandleButton.m */; };
		898122A316E8465E0028C05E /* UIKit.framework in Frameworks */ = {isa = PBXBuildFile; fileRef = 898122A216E8465E0028C05E /* UIKit.framework */; };
		898122A516E8465E0028C05E /* Foundation.framework in Frameworks */ = {isa = PBXBuildFile; fileRef = 898122A416E8465E0028C05E /* Foundation.framework */; };
		898122A716E8465E0028C05E /* CoreGraphics.framework in Frameworks */ = {isa = PBXBuildFile; fileRef = 898122A616E8465E0028C05E /* CoreGraphics.framework */; };
		898122A916E8465E0028C05E /* CoreData.framework in Frameworks */ = {isa = PBXBuildFile; fileRef = 898122A816E8465E0028C05E /* CoreData.framework */; };
		898122AF16E8465E0028C05E /* InfoPlist.strings in Resources */ = {isa = PBXBuildFile; fileRef = 898122AD16E8465E0028C05E /* InfoPlist.strings */; };
		898122B516E8465E0028C05E /* VDAppDelegate.m in Sources */ = {isa = PBXBuildFile; fileRef = 898122B416E8465E0028C05E /* VDAppDelegate.m */; };
		89B2AA0016FF83F7008E10BA /* VDCaseDetailsViewController.m in Sources */ = {isa = PBXBuildFile; fileRef = 89B2A9F216FF83F7008E10BA /* VDCaseDetailsViewController.m */; };
		89B2AA0116FF83F7008E10BA /* VDCaseListCell.m in Sources */ = {isa = PBXBuildFile; fileRef = 89B2A9F516FF83F7008E10BA /* VDCaseListCell.m */; };
		89B2AA0216FF83F7008E10BA /* VDCaseListViewController.m in Sources */ = {isa = PBXBuildFile; fileRef = 89B2A9F716FF83F7008E10BA /* VDCaseListViewController.m */; };
		89B2AA0316FF83F7008E10BA /* VDLawFirmUserViewController.m in Sources */ = {isa = PBXBuildFile; fileRef = 89B2A9FA16FF83F7008E10BA /* VDLawFirmUserViewController.m */; };
		89B2AA0416FF83F7008E10BA /* VDNotificationCell.m in Sources */ = {isa = PBXBuildFile; fileRef = 89B2A9FD16FF83F7008E10BA /* VDNotificationCell.m */; };
		89B2AA0516FF83F7008E10BA /* VDNotificationListViewController.m in Sources */ = {isa = PBXBuildFile; fileRef = 89B2A9FF16FF83F7008E10BA /* VDNotificationListViewController.m */; };
		89B2AA0916FF8B2C008E10BA /* VDVoirDireViewController.m in Sources */ = {isa = PBXBuildFile; fileRef = 89B2AA0816FF8B2C008E10BA /* VDVoirDireViewController.m */; };
		89B2AA1216FF8F38008E10BA /* LXReorderableCollectionViewFlowLayout.m in Sources */ = {isa = PBXBuildFile; fileRef = 89B2AA1116FF8F38008E10BA /* LXReorderableCollectionViewFlowLayout.m */; };
		89B2AA1616FF93B6008E10BA /* VDJuryPoolViewController.m in Sources */ = {isa = PBXBuildFile; fileRef = 89B2AA1516FF93B6008E10BA /* VDJuryPoolViewController.m */; };
		89B2AA2316FFA9A7008E10BA /* VDJurorViewCell.m in Sources */ = {isa = PBXBuildFile; fileRef = 89B2AA2116FFA9A7008E10BA /* VDJurorViewCell.m */; };
		89B2AA2416FFA9A7008E10BA /* VDJurorViewCell.xib in Resources */ = {isa = PBXBuildFile; fileRef = 89B2AA2216FFA9A7008E10BA /* VDJurorViewCell.xib */; };
		89B2AA2C16FFB8C9008E10BA /* VDJurorNote.m in Sources */ = {isa = PBXBuildFile; fileRef = 89B2AA2B16FFB8C9008E10BA /* VDJurorNote.m */; };
		89FA582D171490DD00B8B96A /* VDQuickQuestionsViewController.m in Sources */ = {isa = PBXBuildFile; fileRef = 89FA582C171490DD00B8B96A /* VDQuickQuestionsViewController.m */; };
		89FA5837171491A900B8B96A /* VDQuickQuestionsTabBar.m in Sources */ = {isa = PBXBuildFile; fileRef = 89FA5836171491A900B8B96A /* VDQuickQuestionsTabBar.m */; };
		89FA58391714920300B8B96A /* VDQuickQuestionsTabBar.xib in Resources */ = {isa = PBXBuildFile; fileRef = 89FA58381714920300B8B96A /* VDQuickQuestionsTabBar.xib */; };
		89FA583C1714930C00B8B96A /* VDQuickQuestionsQuestionTab.m in Sources */ = {isa = PBXBuildFile; fileRef = 89FA583B1714930C00B8B96A /* VDQuickQuestionsQuestionTab.m */; };
		89FA583F171493B000B8B96A /* VDQuickQuestionsAddTab.m in Sources */ = {isa = PBXBuildFile; fileRef = 89FA583E171493B000B8B96A /* VDQuickQuestionsAddTab.m */; };
		89FA58441714952C00B8B96A /* FXLabel.m in Sources */ = {isa = PBXBuildFile; fileRef = 89FA58421714952C00B8B96A /* FXLabel.m */; };
		89FA58451714952C00B8B96A /* LICENCE.md in Resources */ = {isa = PBXBuildFile; fileRef = 89FA58431714952C00B8B96A /* LICENCE.md */; };
		89FA58471714997100B8B96A /* VDQuickQuestionsQuestionTab.xib in Resources */ = {isa = PBXBuildFile; fileRef = 89FA58461714997100B8B96A /* VDQuickQuestionsQuestionTab.xib */; };
		89FA58491714999700B8B96A /* VDQuickQuestionsAddTab.xib in Resources */ = {isa = PBXBuildFile; fileRef = 89FA58481714999700B8B96A /* VDQuickQuestionsAddTab.xib */; };
		89FA58501714CF5F00B8B96A /* VDQuickQuestionsQuestionViewController.xib in Resources */ = {isa = PBXBuildFile; fileRef = 89FA584F1714CF5F00B8B96A /* VDQuickQuestionsQuestionViewController.xib */; };
		89FA58531714CFB000B8B96A /* VDQuickQuestionsQuestionViewController.m in Sources */ = {isa = PBXBuildFile; fileRef = 89FA58521714CFB000B8B96A /* VDQuickQuestionsQuestionViewController.m */; };
/* End PBXBuildFile section */

/* Begin PBXFileReference section */
		89038E4217012A4F00683FAB /* VDJurorDetailsViewController.h */ = {isa = PBXFileReference; fileEncoding = 4; lastKnownFileType = sourcecode.c.h; path = VDJurorDetailsViewController.h; sourceTree = "<group>"; };
		89038E4317012A4F00683FAB /* VDJurorDetailsViewController.m */ = {isa = PBXFileReference; fileEncoding = 4; lastKnownFileType = sourcecode.c.objc; path = VDJurorDetailsViewController.m; sourceTree = "<group>"; };
		89038E4417012A4F00683FAB /* VDJurorDetailsViewController.xib */ = {isa = PBXFileReference; fileEncoding = 4; lastKnownFileType = file.xib; path = VDJurorDetailsViewController.xib; sourceTree = "<group>"; };
		890ABBFC16FAA94E00BA4B08 /* VDHomeViewController.h */ = {isa = PBXFileReference; fileEncoding = 4; lastKnownFileType = sourcecode.c.h; path = VDHomeViewController.h; sourceTree = "<group>"; };
		890ABBFD16FAA94E00BA4B08 /* VDHomeViewController.m */ = {isa = PBXFileReference; fileEncoding = 4; lastKnownFileType = sourcecode.c.objc; path = VDHomeViewController.m; sourceTree = "<group>"; };
		890ABC0516FAA9B800BA4B08 /* VDNotification.h */ = {isa = PBXFileReference; fileEncoding = 4; lastKnownFileType = sourcecode.c.h; path = VDNotification.h; sourceTree = "<group>"; };
		890ABC0616FAA9B800BA4B08 /* VDNotification.m */ = {isa = PBXFileReference; fileEncoding = 4; lastKnownFileType = sourcecode.c.objc; path = VDNotification.m; sourceTree = "<group>"; };
		890ABC0816FAAA7D00BA4B08 /* VDTrialCase.h */ = {isa = PBXFileReference; fileEncoding = 4; lastKnownFileType = sourcecode.c.h; path = VDTrialCase.h; sourceTree = "<group>"; };
		890ABC0916FAAA7D00BA4B08 /* VDTrialCase.m */ = {isa = PBXFileReference; fileEncoding = 4; lastKnownFileType = sourcecode.c.objc; path = VDTrialCase.m; sourceTree = "<group>"; };
		890ABC0B16FAABC700BA4B08 /* VDTrialCaseNote.h */ = {isa = PBXFileReference; fileEncoding = 4; lastKnownFileType = sourcecode.c.h; path = VDTrialCaseNote.h; sourceTree = "<group>"; };
		890ABC0C16FAABC700BA4B08 /* VDTrialCaseNote.m */ = {isa = PBXFileReference; fileEncoding = 4; lastKnownFileType = sourcecode.c.objc; path = VDTrialCaseNote.m; sourceTree = "<group>"; };
		890ABC0E16FAAF2800BA4B08 /* VDLawFirmUser.h */ = {isa = PBXFileReference; fileEncoding = 4; lastKnownFileType = sourcecode.c.h; path = VDLawFirmUser.h; sourceTree = "<group>"; };
		890ABC0F16FAAF2800BA4B08 /* VDLawFirmUser.m */ = {isa = PBXFileReference; fileEncoding = 4; lastKnownFileType = sourcecode.c.objc; path = VDLawFirmUser.m; sourceTree = "<group>"; };
		890ABC1216FAB38300BA4B08 /* VDCurrentLawFirmUserManager.h */ = {isa = PBXFileReference; fileEncoding = 4; lastKnownFileType = sourcecode.c.h; path = VDCurrentLawFirmUserManager.h; sourceTree = "<group>"; };
		890ABC1316FAB38300BA4B08 /* VDCurrentLawFirmUserManager.m */ = {isa = PBXFileReference; fileEncoding = 4; lastKnownFileType = sourcecode.c.objc; path = VDCurrentLawFirmUserManager.m; sourceTree = "<group>"; };
		890ABC1516FAB60B00BA4B08 /* VDJuror.h */ = {isa = PBXFileReference; fileEncoding = 4; lastKnownFileType = sourcecode.c.h; path = VDJuror.h; sourceTree = "<group>"; };
		890ABC1616FAB60C00BA4B08 /* VDJuror.m */ = {isa = PBXFileReference; fileEncoding = 4; lastKnownFileType = sourcecode.c.objc; path = VDJuror.m; sourceTree = "<group>"; };
		890ABC1816FAB6AE00BA4B08 /* VDDataModelEnums.h */ = {isa = PBXFileReference; fileEncoding = 4; lastKnownFileType = sourcecode.c.h; path = VDDataModelEnums.h; sourceTree = "<group>"; };
		890ABC1916FABA0600BA4B08 /* VDNotificationManager.h */ = {isa = PBXFileReference; fileEncoding = 4; lastKnownFileType = sourcecode.c.h; path = VDNotificationManager.h; sourceTree = "<group>"; };
		890ABC1A16FABA0600BA4B08 /* VDNotificationManager.m */ = {isa = PBXFileReference; fileEncoding = 4; lastKnownFileType = sourcecode.c.objc; path = VDNotificationManager.m; sourceTree = "<group>"; };
		890ABC1C16FABC0100BA4B08 /* VDTrialCaseManager.h */ = {isa = PBXFileReference; fileEncoding = 4; lastKnownFileType = sourcecode.c.h; path = VDTrialCaseManager.h; sourceTree = "<group>"; };
		890ABC1D16FABC0100BA4B08 /* VDTrialCaseManager.m */ = {isa = PBXFileReference; fileEncoding = 4; lastKnownFileType = sourcecode.c.objc; path = VDTrialCaseManager.m; sourceTree = "<group>"; };
		890ABC2B16FAC31400BA4B08 /* VDJurorManager.h */ = {isa = PBXFileReference; fileEncoding = 4; lastKnownFileType = sourcecode.c.h; path = VDJurorManager.h; sourceTree = "<group>"; };
		890ABC2C16FAC31400BA4B08 /* VDJurorManager.m */ = {isa = PBXFileReference; fileEncoding = 4; lastKnownFileType = sourcecode.c.objc; path = VDJurorManager.m; sourceTree = "<group>"; };
		894AF8771703E0F00052D19E /* arrow_down.png */ = {isa = PBXFileReference; lastKnownFileType = image.png; path = arrow_down.png; sourceTree = "<group>"; };
		894AF8781703E0F00052D19E /* arrow_left.png */ = {isa = PBXFileReference; lastKnownFileType = image.png; path = arrow_left.png; sourceTree = "<group>"; };
		894AF8791703E0F00052D19E /* arrow_right.png */ = {isa = PBXFileReference; lastKnownFileType = image.png; path = arrow_right.png; sourceTree = "<group>"; };
		894AF87A1703E0F00052D19E /* arrow_up.png */ = {isa = PBXFileReference; lastKnownFileType = image.png; path = arrow_up.png; sourceTree = "<group>"; };
		894AF87B1703E0F00052D19E /* btn_back.png */ = {isa = PBXFileReference; lastKnownFileType = image.png; path = btn_back.png; sourceTree = "<group>"; };
		894AF87C1703E0F00052D19E /* btn_forward.png */ = {isa = PBXFileReference; lastKnownFileType = image.png; path = btn_forward.png; sourceTree = "<group>"; };
		894AF87D1703E0F00052D19E /* btn_home.png */ = {isa = PBXFileReference; lastKnownFileType = image.png; path = btn_home.png; sourceTree = "<group>"; };
		894AF87E1703E0F00052D19E /* btn_logout.png */ = {isa = PBXFileReference; lastKnownFileType = image.png; path = btn_logout.png; sourceTree = "<group>"; };
		894AF87F1703E0F00052D19E /* Default-568h@2x.png */ = {isa = PBXFileReference; lastKnownFileType = image.png; path = "Default-568h@2x.png"; sourceTree = "<group>"; };
		894AF8801703E0F00052D19E /* Default.png */ = {isa = PBXFileReference; lastKnownFileType = image.png; path = Default.png; sourceTree = "<group>"; };
		894AF8811703E0F00052D19E /* Default@2x.png */ = {isa = PBXFileReference; lastKnownFileType = image.png; path = "Default@2x.png"; sourceTree = "<group>"; };
		894AF8821703E0F00052D19E /* flag_blue.png */ = {isa = PBXFileReference; lastKnownFileType = image.png; path = flag_blue.png; sourceTree = "<group>"; };
		894AF8831703E0F00052D19E /* flag_finish.png */ = {isa = PBXFileReference; lastKnownFileType = image.png; path = flag_finish.png; sourceTree = "<group>"; };
		894AF8841703E0F00052D19E /* flag_green.png */ = {isa = PBXFileReference; lastKnownFileType = image.png; path = flag_green.png; sourceTree = "<group>"; };
		894AF8851703E0F00052D19E /* flag_orange.png */ = {isa = PBXFileReference; lastKnownFileType = image.png; path = flag_orange.png; sourceTree = "<group>"; };
		894AF8861703E0F00052D19E /* flag_pink.png */ = {isa = PBXFileReference; lastKnownFileType = image.png; path = flag_pink.png; sourceTree = "<group>"; };
		894AF8871703E0F00052D19E /* flag_purple.png */ = {isa = PBXFileReference; lastKnownFileType = image.png; path = flag_purple.png; sourceTree = "<group>"; };
		894AF8881703E0F00052D19E /* flag_red.png */ = {isa = PBXFileReference; lastKnownFileType = image.png; path = flag_red.png; sourceTree = "<group>"; };
		894AF8891703E0F00052D19E /* flag_yellow.png */ = {isa = PBXFileReference; lastKnownFileType = image.png; path = flag_yellow.png; sourceTree = "<group>"; };
		894AF88A1703E0F00052D19E /* icon_check.png */ = {isa = PBXFileReference; lastKnownFileType = image.png; path = icon_check.png; sourceTree = "<group>"; };
		894AF88B1703E0F00052D19E /* icon_minus.png */ = {isa = PBXFileReference; lastKnownFileType = image.png; path = icon_minus.png; sourceTree = "<group>"; };
		894AF88C1703E0F00052D19E /* icon_plus.png */ = {isa = PBXFileReference; lastKnownFileType = image.png; path = icon_plus.png; sourceTree = "<group>"; };
		894AF88D1703E0F00052D19E /* icon_x.png */ = {isa = PBXFileReference; lastKnownFileType = image.png; path = icon_x.png; sourceTree = "<group>"; };
		894AF88E1703E0F00052D19E /* radio_selected.png */ = {isa = PBXFileReference; lastKnownFileType = image.png; path = radio_selected.png; sourceTree = "<group>"; };
		894AF88F1703E0F00052D19E /* radio_unselected.png */ = {isa = PBXFileReference; lastKnownFileType = image.png; path = radio_unselected.png; sourceTree = "<group>"; };
		894AF8901703E0F00052D19E /* star_empty.png */ = {isa = PBXFileReference; lastKnownFileType = image.png; path = star_empty.png; sourceTree = "<group>"; };
		894AF8911703E0F00052D19E /* star_full.png */ = {isa = PBXFileReference; lastKnownFileType = image.png; path = star_full.png; sourceTree = "<group>"; };
		894AF8921703E0F00052D19E /* star_half.png */ = {isa = PBXFileReference; lastKnownFileType = image.png; path = star_half.png; sourceTree = "<group>"; };
		894AF8AF1703E2C40052D19E /* avatar_asian_female.png */ = {isa = PBXFileReference; lastKnownFileType = image.png; path = avatar_asian_female.png; sourceTree = "<group>"; };
		894AF8B01703E2C40052D19E /* avatar_asian_male.png */ = {isa = PBXFileReference; lastKnownFileType = image.png; path = avatar_asian_male.png; sourceTree = "<group>"; };
		894AF8B11703E2C40052D19E /* avatar_black_female.png */ = {isa = PBXFileReference; lastKnownFileType = image.png; path = avatar_black_female.png; sourceTree = "<group>"; };
		894AF8B21703E2C40052D19E /* avatar_black_male.png */ = {isa = PBXFileReference; lastKnownFileType = image.png; path = avatar_black_male.png; sourceTree = "<group>"; };
		894AF8B31703E2C40052D19E /* avatar_latino_female.png */ = {isa = PBXFileReference; lastKnownFileType = image.png; path = avatar_latino_female.png; sourceTree = "<group>"; };
		894AF8B41703E2C40052D19E /* avatar_latino_male.png */ = {isa = PBXFileReference; lastKnownFileType = image.png; path = avatar_latino_male.png; sourceTree = "<group>"; };
		894AF8B51703E2C40052D19E /* avatar_luchadore_blue.png */ = {isa = PBXFileReference; lastKnownFileType = image.png; path = avatar_luchadore_blue.png; sourceTree = "<group>"; };
		894AF8B61703E2C40052D19E /* avatar_luchadore_red.png */ = {isa = PBXFileReference; lastKnownFileType = image.png; path = avatar_luchadore_red.png; sourceTree = "<group>"; };
		894AF8B71703E2C40052D19E /* avatar_mrt.png */ = {isa = PBXFileReference; lastKnownFileType = image.png; path = avatar_mrt.png; sourceTree = "<group>"; };
		894AF8B81703E2C40052D19E /* avatar_pacificislander_female.png */ = {isa = PBXFileReference; lastKnownFileType = image.png; path = avatar_pacificislander_female.png; sourceTree = "<group>"; };
		894AF8B91703E2C40052D19E /* avatar_pacificislander_male.png */ = {isa = PBXFileReference; lastKnownFileType = image.png; path = avatar_pacificislander_male.png; sourceTree = "<group>"; };
		894AF8BA1703E2C40052D19E /* avatar_white_female.png */ = {isa = PBXFileReference; lastKnownFileType = image.png; path = avatar_white_female.png; sourceTree = "<group>"; };
		894AF8BB1703E2C40052D19E /* avatar_white_male.png */ = {isa = PBXFileReference; lastKnownFileType = image.png; path = avatar_white_male.png; sourceTree = "<group>"; };
		894AF8C91703E37C0052D19E /* VDJurorToAvatar.h */ = {isa = PBXFileReference; fileEncoding = 4; lastKnownFileType = sourcecode.c.h; path = VDJurorToAvatar.h; sourceTree = "<group>"; };
		894AF8CA1703E37C0052D19E /* VDJurorToAvatar.m */ = {isa = PBXFileReference; fileEncoding = 4; lastKnownFileType = sourcecode.c.objc; path = VDJurorToAvatar.m; sourceTree = "<group>"; };
		894AF8CC1703E42E0052D19E /* avatar_luchadore_green.png */ = {isa = PBXFileReference; lastKnownFileType = image.png; path = avatar_luchadore_green.png; sourceTree = "<group>"; };
		894AF8CE1703E5C30052D19E /* avatar_americanindian_female.png */ = {isa = PBXFileReference; lastKnownFileType = image.png; path = avatar_americanindian_female.png; sourceTree = "<group>"; };
		894AF8CF1703E5C30052D19E /* avatar_americanindian_male.png */ = {isa = PBXFileReference; lastKnownFileType = image.png; path = avatar_americanindian_male.png; sourceTree = "<group>"; };
		8954B79B17176D22006AE653 /* VDQuestion.h */ = {isa = PBXFileReference; fileEncoding = 4; lastKnownFileType = sourcecode.c.h; path = VDQuestion.h; sourceTree = "<group>"; };
		8954B79C17176D22006AE653 /* VDQuestion.m */ = {isa = PBXFileReference; fileEncoding = 4; lastKnownFileType = sourcecode.c.objc; path = VDQuestion.m; sourceTree = "<group>"; };
		8954B79E17176F45006AE653 /* VDJurorQuestionManager.h */ = {isa = PBXFileReference; fileEncoding = 4; lastKnownFileType = sourcecode.c.h; path = VDJurorQuestionManager.h; sourceTree = "<group>"; };
		8954B79F17176F45006AE653 /* VDJurorQuestionManager.m */ = {isa = PBXFileReference; fileEncoding = 4; lastKnownFileType = sourcecode.c.objc; path = VDJurorQuestionManager.m; sourceTree = "<group>"; };
		8954B7A7171773B3006AE653 /* VDQuickQuestion.h */ = {isa = PBXFileReference; fileEncoding = 4; lastKnownFileType = sourcecode.c.h; path = VDQuickQuestion.h; sourceTree = "<group>"; };
		8954B7A8171773B3006AE653 /* VDQuickQuestion.m */ = {isa = PBXFileReference; fileEncoding = 4; lastKnownFileType = sourcecode.c.objc; path = VDQuickQuestion.m; sourceTree = "<group>"; };
		8954B7AA171773C4006AE653 /* VDJurorQuestion.h */ = {isa = PBXFileReference; fileEncoding = 4; lastKnownFileType = sourcecode.c.h; path = VDJurorQuestion.h; sourceTree = "<group>"; };
		8954B7AB171773C4006AE653 /* VDJurorQuestion.m */ = {isa = PBXFileReference; fileEncoding = 4; lastKnownFileType = sourcecode.c.objc; path = VDJurorQuestion.m; sourceTree = "<group>"; };
		8954B7AD171773DB006AE653 /* VDJurorToQuickQuestion.h */ = {isa = PBXFileReference; fileEncoding = 4; lastKnownFileType = sourcecode.c.h; path = VDJurorToQuickQuestion.h; sourceTree = "<group>"; };
		8954B7AE171773DB006AE653 /* VDJurorToQuickQuestion.m */ = {isa = PBXFileReference; fileEncoding = 4; lastKnownFileType = sourcecode.c.objc; path = VDJurorToQuickQuestion.m; sourceTree = "<group>"; };
		8954B7B0171774C2006AE653 /* VDQuickQuestionManager.h */ = {isa = PBXFileReference; fileEncoding = 4; lastKnownFileType = sourcecode.c.h; path = VDQuickQuestionManager.h; sourceTree = "<group>"; };
		8954B7B1171774C2006AE653 /* VDQuickQuestionManager.m */ = {isa = PBXFileReference; fileEncoding = 4; lastKnownFileType = sourcecode.c.objc; path = VDQuickQuestionManager.m; sourceTree = "<group>"; };
		8954B7B317177B3B006AE653 /* VDJurorNoteManager.h */ = {isa = PBXFileReference; fileEncoding = 4; lastKnownFileType = sourcecode.c.h; path = VDJurorNoteManager.h; sourceTree = "<group>"; };
		8954B7B417177B3B006AE653 /* VDJurorNoteManager.m */ = {isa = PBXFileReference; fileEncoding = 4; lastKnownFileType = sourcecode.c.objc; path = VDJurorNoteManager.m; sourceTree = "<group>"; };
		8954B7B717178A0C006AE653 /* VDCompoundQuickQuestion.h */ = {isa = PBXFileReference; fileEncoding = 4; lastKnownFileType = sourcecode.c.h; path = VDCompoundQuickQuestion.h; sourceTree = "<group>"; };
		8954B7B817178A0C006AE653 /* VDCompoundQuickQuestion.m */ = {isa = PBXFileReference; fileEncoding = 4; lastKnownFileType = sourcecode.c.objc; path = VDCompoundQuickQuestion.m; sourceTree = "<group>"; };
		8968861216F92E7D00B440B7 /* main.m */ = {isa = PBXFileReference; fileEncoding = 4; lastKnownFileType = sourcecode.c.objc; name = main.m; path = Resources/main.m; sourceTree = "<group>"; };
		8968861316F92E7D00B440B7 /* Voir Dire-Info.plist */ = {isa = PBXFileReference; fileEncoding = 4; lastKnownFileType = text.plist.xml; name = "Voir Dire-Info.plist"; path = "Resources/Voir Dire-Info.plist"; sourceTree = "<group>"; };
		8968861416F92E7D00B440B7 /* Voir Dire-Prefix.pch */ = {isa = PBXFileReference; fileEncoding = 4; lastKnownFileType = sourcecode.c.h; name = "Voir Dire-Prefix.pch"; path = "Resources/Voir Dire-Prefix.pch"; sourceTree = "<group>"; };
		8968862116F92ECE00B440B7 /* Voir_Dire.xcdatamodel */ = {isa = PBXFileReference; lastKnownFileType = wrapper.xcdatamodel; path = Voir_Dire.xcdatamodel; sourceTree = "<group>"; };
		8968862D16F92F7900B440B7 /* VDConstants.h */ = {isa = PBXFileReference; fileEncoding = 4; lastKnownFileType = sourcecode.c.h; path = VDConstants.h; sourceTree = "<group>"; };
		8968863016F931C500B440B7 /* VDViewController.h */ = {isa = PBXFileReference; fileEncoding = 4; lastKnownFileType = sourcecode.c.h; path = VDViewController.h; sourceTree = "<group>"; };
		8968863116F931C500B440B7 /* VDViewController.m */ = {isa = PBXFileReference; fileEncoding = 4; lastKnownFileType = sourcecode.c.objc; path = VDViewController.m; sourceTree = "<group>"; };
		8968863316F9320E00B440B7 /* VDRootViewController.h */ = {isa = PBXFileReference; fileEncoding = 4; lastKnownFileType = sourcecode.c.h; path = VDRootViewController.h; sourceTree = "<group>"; };
		8968863416F9320E00B440B7 /* VDRootViewController.m */ = {isa = PBXFileReference; fileEncoding = 4; lastKnownFileType = sourcecode.c.objc; path = VDRootViewController.m; sourceTree = "<group>"; };
		8968863616F932AE00B440B7 /* Main.storyboard */ = {isa = PBXFileReference; fileEncoding = 4; lastKnownFileType = file.storyboard; path = Main.storyboard; sourceTree = "<group>"; };
		8968863A16F933C200B440B7 /* AppFlow.storyboard */ = {isa = PBXFileReference; fileEncoding = 4; lastKnownFileType = file.storyboard; path = AppFlow.storyboard; sourceTree = "<group>"; };
		8968865416F93C4F00B440B7 /* VDLoginViewController.h */ = {isa = PBXFileReference; fileEncoding = 4; lastKnownFileType = sourcecode.c.h; path = VDLoginViewController.h; sourceTree = "<group>"; };
		8968865516F93C4F00B440B7 /* VDLoginViewController.m */ = {isa = PBXFileReference; fileEncoding = 4; lastKnownFileType = sourcecode.c.objc; path = VDLoginViewController.m; sourceTree = "<group>"; };
		8968865616F93C4F00B440B7 /* VDLoginViewController.xib */ = {isa = PBXFileReference; fileEncoding = 4; lastKnownFileType = file.xib; path = VDLoginViewController.xib; sourceTree = "<group>"; };
		8968865916F93DDE00B440B7 /* VDStartupPageViewController.h */ = {isa = PBXFileReference; fileEncoding = 4; lastKnownFileType = sourcecode.c.h; path = VDStartupPageViewController.h; sourceTree = "<group>"; };
		8968865A16F93DDE00B440B7 /* VDStartupPageViewController.m */ = {isa = PBXFileReference; fileEncoding = 4; lastKnownFileType = sourcecode.c.objc; path = VDStartupPageViewController.m; sourceTree = "<group>"; };
		897C867C170BD28D00ECF850 /* VDLogoutHandleButton.h */ = {isa = PBXFileReference; fileEncoding = 4; lastKnownFileType = sourcecode.c.h; path = VDLogoutHandleButton.h; sourceTree = "<group>"; };
		897C867D170BD28D00ECF850 /* VDLogoutHandleButton.m */ = {isa = PBXFileReference; fileEncoding = 4; lastKnownFileType = sourcecode.c.objc; path = VDLogoutHandleButton.m; sourceTree = "<group>"; };
		897C8680170BD78700ECF850 /* VDBackHandleButton.h */ = {isa = PBXFileReference; fileEncoding = 4; lastKnownFileType = sourcecode.c.h; path = VDBackHandleButton.h; sourceTree = "<group>"; };
		897C8681170BD78700ECF850 /* VDBackHandleButton.m */ = {isa = PBXFileReference; fileEncoding = 4; lastKnownFileType = sourcecode.c.objc; path = VDBackHandleButton.m; sourceTree = "<group>"; };
		897C8683170BDA0B00ECF850 /* VDHomeHandleButton.h */ = {isa = PBXFileReference; fileEncoding = 4; lastKnownFileType = sourcecode.c.h; path = VDHomeHandleButton.h; sourceTree = "<group>"; };
		897C8684170BDA0B00ECF850 /* VDHomeHandleButton.m */ = {isa = PBXFileReference; fileEncoding = 4; lastKnownFileType = sourcecode.c.objc; path = VDHomeHandleButton.m; sourceTree = "<group>"; };
		8981229E16E8465E0028C05E /* Voir Dire.app */ = {isa = PBXFileReference; explicitFileType = wrapper.application; includeInIndex = 0; path = "Voir Dire.app"; sourceTree = BUILT_PRODUCTS_DIR; };
		898122A216E8465E0028C05E /* UIKit.framework */ = {isa = PBXFileReference; lastKnownFileType = wrapper.framework; name = UIKit.framework; path = System/Library/Frameworks/UIKit.framework; sourceTree = SDKROOT; };
		898122A416E8465E0028C05E /* Foundation.framework */ = {isa = PBXFileReference; lastKnownFileType = wrapper.framework; name = Foundation.framework; path = System/Library/Frameworks/Foundation.framework; sourceTree = SDKROOT; };
		898122A616E8465E0028C05E /* CoreGraphics.framework */ = {isa = PBXFileReference; lastKnownFileType = wrapper.framework; name = CoreGraphics.framework; path = System/Library/Frameworks/CoreGraphics.framework; sourceTree = SDKROOT; };
		898122A816E8465E0028C05E /* CoreData.framework */ = {isa = PBXFileReference; lastKnownFileType = wrapper.framework; name = CoreData.framework; path = System/Library/Frameworks/CoreData.framework; sourceTree = SDKROOT; };
		898122AE16E8465E0028C05E /* en */ = {isa = PBXFileReference; lastKnownFileType = text.plist.strings; name = en; path = en.lproj/InfoPlist.strings; sourceTree = "<group>"; };
		898122B316E8465E0028C05E /* VDAppDelegate.h */ = {isa = PBXFileReference; lastKnownFileType = sourcecode.c.h; path = VDAppDelegate.h; sourceTree = "<group>"; };
		898122B416E8465E0028C05E /* VDAppDelegate.m */ = {isa = PBXFileReference; lastKnownFileType = sourcecode.c.objc; path = VDAppDelegate.m; sourceTree = "<group>"; };
		89B2A9F116FF83F7008E10BA /* VDCaseDetailsViewController.h */ = {isa = PBXFileReference; fileEncoding = 4; lastKnownFileType = sourcecode.c.h; path = VDCaseDetailsViewController.h; sourceTree = "<group>"; };
		89B2A9F216FF83F7008E10BA /* VDCaseDetailsViewController.m */ = {isa = PBXFileReference; fileEncoding = 4; lastKnownFileType = sourcecode.c.objc; path = VDCaseDetailsViewController.m; sourceTree = "<group>"; };
		89B2A9F416FF83F7008E10BA /* VDCaseListCell.h */ = {isa = PBXFileReference; fileEncoding = 4; lastKnownFileType = sourcecode.c.h; path = VDCaseListCell.h; sourceTree = "<group>"; };
		89B2A9F516FF83F7008E10BA /* VDCaseListCell.m */ = {isa = PBXFileReference; fileEncoding = 4; lastKnownFileType = sourcecode.c.objc; path = VDCaseListCell.m; sourceTree = "<group>"; };
		89B2A9F616FF83F7008E10BA /* VDCaseListViewController.h */ = {isa = PBXFileReference; fileEncoding = 4; lastKnownFileType = sourcecode.c.h; path = VDCaseListViewController.h; sourceTree = "<group>"; };
		89B2A9F716FF83F7008E10BA /* VDCaseListViewController.m */ = {isa = PBXFileReference; fileEncoding = 4; lastKnownFileType = sourcecode.c.objc; path = VDCaseListViewController.m; sourceTree = "<group>"; };
		89B2A9F916FF83F7008E10BA /* VDLawFirmUserViewController.h */ = {isa = PBXFileReference; fileEncoding = 4; lastKnownFileType = sourcecode.c.h; path = VDLawFirmUserViewController.h; sourceTree = "<group>"; };
		89B2A9FA16FF83F7008E10BA /* VDLawFirmUserViewController.m */ = {isa = PBXFileReference; fileEncoding = 4; lastKnownFileType = sourcecode.c.objc; path = VDLawFirmUserViewController.m; sourceTree = "<group>"; };
		89B2A9FC16FF83F7008E10BA /* VDNotificationCell.h */ = {isa = PBXFileReference; fileEncoding = 4; lastKnownFileType = sourcecode.c.h; path = VDNotificationCell.h; sourceTree = "<group>"; };
		89B2A9FD16FF83F7008E10BA /* VDNotificationCell.m */ = {isa = PBXFileReference; fileEncoding = 4; lastKnownFileType = sourcecode.c.objc; path = VDNotificationCell.m; sourceTree = "<group>"; };
		89B2A9FE16FF83F7008E10BA /* VDNotificationListViewController.h */ = {isa = PBXFileReference; fileEncoding = 4; lastKnownFileType = sourcecode.c.h; path = VDNotificationListViewController.h; sourceTree = "<group>"; };
		89B2A9FF16FF83F7008E10BA /* VDNotificationListViewController.m */ = {isa = PBXFileReference; fileEncoding = 4; lastKnownFileType = sourcecode.c.objc; path = VDNotificationListViewController.m; sourceTree = "<group>"; };
		89B2AA0716FF8B2C008E10BA /* VDVoirDireViewController.h */ = {isa = PBXFileReference; fileEncoding = 4; lastKnownFileType = sourcecode.c.h; path = VDVoirDireViewController.h; sourceTree = "<group>"; };
		89B2AA0816FF8B2C008E10BA /* VDVoirDireViewController.m */ = {isa = PBXFileReference; fileEncoding = 4; lastKnownFileType = sourcecode.c.objc; path = VDVoirDireViewController.m; sourceTree = "<group>"; };
		89B2AA1016FF8F38008E10BA /* LXReorderableCollectionViewFlowLayout.h */ = {isa = PBXFileReference; fileEncoding = 4; lastKnownFileType = sourcecode.c.h; path = LXReorderableCollectionViewFlowLayout.h; sourceTree = "<group>"; };
		89B2AA1116FF8F38008E10BA /* LXReorderableCollectionViewFlowLayout.m */ = {isa = PBXFileReference; fileEncoding = 4; lastKnownFileType = sourcecode.c.objc; path = LXReorderableCollectionViewFlowLayout.m; sourceTree = "<group>"; };
		89B2AA1416FF93B6008E10BA /* VDJuryPoolViewController.h */ = {isa = PBXFileReference; fileEncoding = 4; lastKnownFileType = sourcecode.c.h; path = VDJuryPoolViewController.h; sourceTree = "<group>"; };
		89B2AA1516FF93B6008E10BA /* VDJuryPoolViewController.m */ = {isa = PBXFileReference; fileEncoding = 4; lastKnownFileType = sourcecode.c.objc; path = VDJuryPoolViewController.m; sourceTree = "<group>"; };
		89B2AA2016FFA9A7008E10BA /* VDJurorViewCell.h */ = {isa = PBXFileReference; fileEncoding = 4; lastKnownFileType = sourcecode.c.h; path = VDJurorViewCell.h; sourceTree = "<group>"; };
		89B2AA2116FFA9A7008E10BA /* VDJurorViewCell.m */ = {isa = PBXFileReference; fileEncoding = 4; lastKnownFileType = sourcecode.c.objc; path = VDJurorViewCell.m; sourceTree = "<group>"; };
		89B2AA2216FFA9A7008E10BA /* VDJurorViewCell.xib */ = {isa = PBXFileReference; fileEncoding = 4; lastKnownFileType = file.xib; path = VDJurorViewCell.xib; sourceTree = "<group>"; };
		89B2AA2A16FFB8C9008E10BA /* VDJurorNote.h */ = {isa = PBXFileReference; fileEncoding = 4; lastKnownFileType = sourcecode.c.h; path = VDJurorNote.h; sourceTree = "<group>"; };
		89B2AA2B16FFB8C9008E10BA /* VDJurorNote.m */ = {isa = PBXFileReference; fileEncoding = 4; lastKnownFileType = sourcecode.c.objc; path = VDJurorNote.m; sourceTree = "<group>"; };
		89FA582B171490DD00B8B96A /* VDQuickQuestionsViewController.h */ = {isa = PBXFileReference; fileEncoding = 4; lastKnownFileType = sourcecode.c.h; path = VDQuickQuestionsViewController.h; sourceTree = "<group>"; };
		89FA582C171490DD00B8B96A /* VDQuickQuestionsViewController.m */ = {isa = PBXFileReference; fileEncoding = 4; lastKnownFileType = sourcecode.c.objc; path = VDQuickQuestionsViewController.m; sourceTree = "<group>"; };
		89FA5835171491A900B8B96A /* VDQuickQuestionsTabBar.h */ = {isa = PBXFileReference; fileEncoding = 4; lastKnownFileType = sourcecode.c.h; path = VDQuickQuestionsTabBar.h; sourceTree = "<group>"; };
		89FA5836171491A900B8B96A /* VDQuickQuestionsTabBar.m */ = {isa = PBXFileReference; fileEncoding = 4; lastKnownFileType = sourcecode.c.objc; path = VDQuickQuestionsTabBar.m; sourceTree = "<group>"; };
		89FA58381714920300B8B96A /* VDQuickQuestionsTabBar.xib */ = {isa = PBXFileReference; fileEncoding = 4; lastKnownFileType = file.xib; path = VDQuickQuestionsTabBar.xib; sourceTree = "<group>"; };
		89FA583A1714930C00B8B96A /* VDQuickQuestionsQuestionTab.h */ = {isa = PBXFileReference; fileEncoding = 4; lastKnownFileType = sourcecode.c.h; path = VDQuickQuestionsQuestionTab.h; sourceTree = "<group>"; };
		89FA583B1714930C00B8B96A /* VDQuickQuestionsQuestionTab.m */ = {isa = PBXFileReference; fileEncoding = 4; lastKnownFileType = sourcecode.c.objc; path = VDQuickQuestionsQuestionTab.m; sourceTree = "<group>"; };
		89FA583D171493B000B8B96A /* VDQuickQuestionsAddTab.h */ = {isa = PBXFileReference; fileEncoding = 4; lastKnownFileType = sourcecode.c.h; path = VDQuickQuestionsAddTab.h; sourceTree = "<group>"; };
		89FA583E171493B000B8B96A /* VDQuickQuestionsAddTab.m */ = {isa = PBXFileReference; fileEncoding = 4; lastKnownFileType = sourcecode.c.objc; path = VDQuickQuestionsAddTab.m; sourceTree = "<group>"; };
		89FA58411714952C00B8B96A /* FXLabel.h */ = {isa = PBXFileReference; fileEncoding = 4; lastKnownFileType = sourcecode.c.h; path = FXLabel.h; sourceTree = "<group>"; };
		89FA58421714952C00B8B96A /* FXLabel.m */ = {isa = PBXFileReference; fileEncoding = 4; lastKnownFileType = sourcecode.c.objc; path = FXLabel.m; sourceTree = "<group>"; };
		89FA58431714952C00B8B96A /* LICENCE.md */ = {isa = PBXFileReference; fileEncoding = 4; lastKnownFileType = text; path = LICENCE.md; sourceTree = "<group>"; };
		89FA58461714997100B8B96A /* VDQuickQuestionsQuestionTab.xib */ = {isa = PBXFileReference; fileEncoding = 4; lastKnownFileType = file.xib; path = VDQuickQuestionsQuestionTab.xib; sourceTree = "<group>"; };
		89FA58481714999700B8B96A /* VDQuickQuestionsAddTab.xib */ = {isa = PBXFileReference; fileEncoding = 4; lastKnownFileType = file.xib; path = VDQuickQuestionsAddTab.xib; sourceTree = "<group>"; };
		89FA584F1714CF5F00B8B96A /* VDQuickQuestionsQuestionViewController.xib */ = {isa = PBXFileReference; fileEncoding = 4; lastKnownFileType = file.xib; path = VDQuickQuestionsQuestionViewController.xib; sourceTree = "<group>"; };
		89FA58511714CFB000B8B96A /* VDQuickQuestionsQuestionViewController.h */ = {isa = PBXFileReference; fileEncoding = 4; lastKnownFileType = sourcecode.c.h; path = VDQuickQuestionsQuestionViewController.h; sourceTree = "<group>"; };
		89FA58521714CFB000B8B96A /* VDQuickQuestionsQuestionViewController.m */ = {isa = PBXFileReference; fileEncoding = 4; lastKnownFileType = sourcecode.c.objc; path = VDQuickQuestionsQuestionViewController.m; sourceTree = "<group>"; };
/* End PBXFileReference section */

/* Begin PBXFrameworksBuildPhase section */
		8981229B16E8465E0028C05E /* Frameworks */ = {
			isa = PBXFrameworksBuildPhase;
			buildActionMask = 2147483647;
			files = (
				898122A316E8465E0028C05E /* UIKit.framework in Frameworks */,
				898122A516E8465E0028C05E /* Foundation.framework in Frameworks */,
				898122A716E8465E0028C05E /* CoreGraphics.framework in Frameworks */,
				898122A916E8465E0028C05E /* CoreData.framework in Frameworks */,
			);
			runOnlyForDeploymentPostprocessing = 0;
		};
/* End PBXFrameworksBuildPhase section */

/* Begin PBXGroup section */
		89038E4117012A4F00683FAB /* JurorDetails */ = {
			isa = PBXGroup;
			children = (
				89038E4217012A4F00683FAB /* VDJurorDetailsViewController.h */,
				89038E4317012A4F00683FAB /* VDJurorDetailsViewController.m */,
				89038E4417012A4F00683FAB /* VDJurorDetailsViewController.xib */,
			);
			path = JurorDetails;
			sourceTree = "<group>";
		};
		890ABBFA16FAA93B00BA4B08 /* Home */ = {
			isa = PBXGroup;
			children = (
				89B2A9F016FF83F7008E10BA /* CaseDetails */,
				89B2A9F316FF83F7008E10BA /* CaseList */,
				89B2A9F816FF83F7008E10BA /* LawFirmUser */,
				89B2A9FB16FF83F7008E10BA /* NotificationList */,
				890ABBFC16FAA94E00BA4B08 /* VDHomeViewController.h */,
				890ABBFD16FAA94E00BA4B08 /* VDHomeViewController.m */,
			);
			path = Home;
			sourceTree = "<group>";
		};
		890ABC1116FAB36F00BA4B08 /* Data Managers */ = {
			isa = PBXGroup;
			children = (
				890ABC1216FAB38300BA4B08 /* VDCurrentLawFirmUserManager.h */,
				890ABC1316FAB38300BA4B08 /* VDCurrentLawFirmUserManager.m */,
				890ABC1916FABA0600BA4B08 /* VDNotificationManager.h */,
				890ABC1A16FABA0600BA4B08 /* VDNotificationManager.m */,
				890ABC1C16FABC0100BA4B08 /* VDTrialCaseManager.h */,
				890ABC1D16FABC0100BA4B08 /* VDTrialCaseManager.m */,
				890ABC2B16FAC31400BA4B08 /* VDJurorManager.h */,
				890ABC2C16FAC31400BA4B08 /* VDJurorManager.m */,
				8954B79E17176F45006AE653 /* VDJurorQuestionManager.h */,
				8954B79F17176F45006AE653 /* VDJurorQuestionManager.m */,
				8954B7B0171774C2006AE653 /* VDQuickQuestionManager.h */,
				8954B7B1171774C2006AE653 /* VDQuickQuestionManager.m */,
				8954B7B317177B3B006AE653 /* VDJurorNoteManager.h */,
				8954B7B417177B3B006AE653 /* VDJurorNoteManager.m */,
			);
			path = "Data Managers";
			sourceTree = "<group>";
		};
		8954B7B6171789FF006AE653 /* Compound Data Model */ = {
			isa = PBXGroup;
			children = (
				8954B7B717178A0C006AE653 /* VDCompoundQuickQuestion.h */,
				8954B7B817178A0C006AE653 /* VDCompoundQuickQuestion.m */,
			);
			path = "Compound Data Model";
			sourceTree = "<group>";
		};
		8968861716F92E9200B440B7 /* Images */ = {
			isa = PBXGroup;
			children = (
				894AF8CE1703E5C30052D19E /* avatar_americanindian_female.png */,
				894AF8CF1703E5C30052D19E /* avatar_americanindian_male.png */,
				894AF8CC1703E42E0052D19E /* avatar_luchadore_green.png */,
				894AF8AF1703E2C40052D19E /* avatar_asian_female.png */,
				894AF8B01703E2C40052D19E /* avatar_asian_male.png */,
				894AF8B11703E2C40052D19E /* avatar_black_female.png */,
				894AF8B21703E2C40052D19E /* avatar_black_male.png */,
				894AF8B31703E2C40052D19E /* avatar_latino_female.png */,
				894AF8B41703E2C40052D19E /* avatar_latino_male.png */,
				894AF8B51703E2C40052D19E /* avatar_luchadore_blue.png */,
				894AF8B61703E2C40052D19E /* avatar_luchadore_red.png */,
				894AF8B71703E2C40052D19E /* avatar_mrt.png */,
				894AF8B81703E2C40052D19E /* avatar_pacificislander_female.png */,
				894AF8B91703E2C40052D19E /* avatar_pacificislander_male.png */,
				894AF8BA1703E2C40052D19E /* avatar_white_female.png */,
				894AF8BB1703E2C40052D19E /* avatar_white_male.png */,
				894AF8771703E0F00052D19E /* arrow_down.png */,
				894AF8781703E0F00052D19E /* arrow_left.png */,
				894AF8791703E0F00052D19E /* arrow_right.png */,
				894AF87A1703E0F00052D19E /* arrow_up.png */,
				894AF87B1703E0F00052D19E /* btn_back.png */,
				894AF87C1703E0F00052D19E /* btn_forward.png */,
				894AF87D1703E0F00052D19E /* btn_home.png */,
				894AF87E1703E0F00052D19E /* btn_logout.png */,
				894AF87F1703E0F00052D19E /* Default-568h@2x.png */,
				894AF8801703E0F00052D19E /* Default.png */,
				894AF8811703E0F00052D19E /* Default@2x.png */,
				894AF8821703E0F00052D19E /* flag_blue.png */,
				894AF8831703E0F00052D19E /* flag_finish.png */,
				894AF8841703E0F00052D19E /* flag_green.png */,
				894AF8851703E0F00052D19E /* flag_orange.png */,
				894AF8861703E0F00052D19E /* flag_pink.png */,
				894AF8871703E0F00052D19E /* flag_purple.png */,
				894AF8881703E0F00052D19E /* flag_red.png */,
				894AF8891703E0F00052D19E /* flag_yellow.png */,
				894AF88A1703E0F00052D19E /* icon_check.png */,
				894AF88B1703E0F00052D19E /* icon_minus.png */,
				894AF88C1703E0F00052D19E /* icon_plus.png */,
				894AF88D1703E0F00052D19E /* icon_x.png */,
				894AF88E1703E0F00052D19E /* radio_selected.png */,
				894AF88F1703E0F00052D19E /* radio_unselected.png */,
				894AF8901703E0F00052D19E /* star_empty.png */,
				894AF8911703E0F00052D19E /* star_full.png */,
				894AF8921703E0F00052D19E /* star_half.png */,
			);
			path = Images;
			sourceTree = "<group>";
		};
		8968861E16F92EBC00B440B7 /* Categories */ = {
			isa = PBXGroup;
			children = (
			);
			path = Categories;
			sourceTree = "<group>";
		};
		8968861F16F92ECE00B440B7 /* Data Model */ = {
			isa = PBXGroup;
			children = (
				8968862016F92ECE00B440B7 /* Voir_Dire.xcdatamodeld */,
				890ABC0516FAA9B800BA4B08 /* VDNotification.h */,
				890ABC0616FAA9B800BA4B08 /* VDNotification.m */,
				890ABC0816FAAA7D00BA4B08 /* VDTrialCase.h */,
				890ABC0916FAAA7D00BA4B08 /* VDTrialCase.m */,
				890ABC0B16FAABC700BA4B08 /* VDTrialCaseNote.h */,
				890ABC0C16FAABC700BA4B08 /* VDTrialCaseNote.m */,
				890ABC0E16FAAF2800BA4B08 /* VDLawFirmUser.h */,
				890ABC0F16FAAF2800BA4B08 /* VDLawFirmUser.m */,
				890ABC1516FAB60B00BA4B08 /* VDJuror.h */,
				890ABC1616FAB60C00BA4B08 /* VDJuror.m */,
				890ABC1816FAB6AE00BA4B08 /* VDDataModelEnums.h */,
				89B2AA2A16FFB8C9008E10BA /* VDJurorNote.h */,
				89B2AA2B16FFB8C9008E10BA /* VDJurorNote.m */,
				8954B79B17176D22006AE653 /* VDQuestion.h */,
				8954B79C17176D22006AE653 /* VDQuestion.m */,
				8954B7A7171773B3006AE653 /* VDQuickQuestion.h */,
				8954B7A8171773B3006AE653 /* VDQuickQuestion.m */,
				8954B7AA171773C4006AE653 /* VDJurorQuestion.h */,
				8954B7AB171773C4006AE653 /* VDJurorQuestion.m */,
				8954B7AD171773DB006AE653 /* VDJurorToQuickQuestion.h */,
				8954B7AE171773DB006AE653 /* VDJurorToQuickQuestion.m */,
			);
			path = "Data Model";
			sourceTree = "<group>";
		};
		8968862316F92EDC00B440B7 /* Protocols */ = {
			isa = PBXGroup;
			children = (
			);
			path = Protocols;
			sourceTree = "<group>";
		};
		8968862416F92EE400B440B7 /* Storyboards */ = {
			isa = PBXGroup;
			children = (
				8968863A16F933C200B440B7 /* AppFlow.storyboard */,
				8968863616F932AE00B440B7 /* Main.storyboard */,
			);
			path = Storyboards;
			sourceTree = "<group>";
		};
		8968862516F92EEC00B440B7 /* Util */ = {
			isa = PBXGroup;
			children = (
				894AF8C91703E37C0052D19E /* VDJurorToAvatar.h */,
				894AF8CA1703E37C0052D19E /* VDJurorToAvatar.m */,
			);
			path = Util;
			sourceTree = "<group>";
		};
		8968862616F92EF600B440B7 /* View Controllers */ = {
			isa = PBXGroup;
			children = (
				8968865316F93C4F00B440B7 /* Login */,
				8968864A16F9394600B440B7 /* AppFlow */,
				89B2AA0616FF8B17008E10BA /* VoirDire */,
				890ABBFA16FAA93B00BA4B08 /* Home */,
				8968863016F931C500B440B7 /* VDViewController.h */,
				8968863116F931C500B440B7 /* VDViewController.m */,
				8968863316F9320E00B440B7 /* VDRootViewController.h */,
				8968863416F9320E00B440B7 /* VDRootViewController.m */,
			);
			path = "View Controllers";
			sourceTree = "<group>";
		};
		8968862716F92EFF00B440B7 /* Views */ = {
			isa = PBXGroup;
			children = (
				89FA58311714918500B8B96A /* QuickQuestions */,
				89B2AA1F16FFA9A7008E10BA /* JurorCell */,
			);
			path = Views;
			sourceTree = "<group>";
		};
		8968862816F92F0E00B440B7 /* WebServices */ = {
			isa = PBXGroup;
			children = (
			);
			path = WebServices;
			sourceTree = "<group>";
		};
		8968864A16F9394600B440B7 /* AppFlow */ = {
			isa = PBXGroup;
			children = (
				8968865916F93DDE00B440B7 /* VDStartupPageViewController.h */,
				8968865A16F93DDE00B440B7 /* VDStartupPageViewController.m */,
			);
			path = AppFlow;
			sourceTree = "<group>";
		};
		8968865316F93C4F00B440B7 /* Login */ = {
			isa = PBXGroup;
			children = (
				8968865416F93C4F00B440B7 /* VDLoginViewController.h */,
				8968865516F93C4F00B440B7 /* VDLoginViewController.m */,
				8968865616F93C4F00B440B7 /* VDLoginViewController.xib */,
			);
			path = Login;
			sourceTree = "<group>";
		};
		897C867B170BD28D00ECF850 /* NavigationButtons */ = {
			isa = PBXGroup;
			children = (
				897C867C170BD28D00ECF850 /* VDLogoutHandleButton.h */,
				897C867D170BD28D00ECF850 /* VDLogoutHandleButton.m */,
				897C8680170BD78700ECF850 /* VDBackHandleButton.h */,
				897C8681170BD78700ECF850 /* VDBackHandleButton.m */,
				897C8683170BDA0B00ECF850 /* VDHomeHandleButton.h */,
				897C8684170BDA0B00ECF850 /* VDHomeHandleButton.m */,
			);
			name = NavigationButtons;
			path = ../../Views/NavigationButtons;
			sourceTree = "<group>";
		};
		8981229316E8465E0028C05E = {
			isa = PBXGroup;
			children = (
				898122AA16E8465E0028C05E /* Voir Dire */,
				898122A116E8465E0028C05E /* Frameworks */,
				8981229F16E8465E0028C05E /* Products */,
			);
			sourceTree = "<group>";
		};
		8981229F16E8465E0028C05E /* Products */ = {
			isa = PBXGroup;
			children = (
				8981229E16E8465E0028C05E /* Voir Dire.app */,
			);
			name = Products;
			sourceTree = "<group>";
		};
		898122A116E8465E0028C05E /* Frameworks */ = {
			isa = PBXGroup;
			children = (
				898122A216E8465E0028C05E /* UIKit.framework */,
				898122A416E8465E0028C05E /* Foundation.framework */,
				898122A616E8465E0028C05E /* CoreGraphics.framework */,
				898122A816E8465E0028C05E /* CoreData.framework */,
			);
			name = Frameworks;
			sourceTree = "<group>";
		};
		898122AA16E8465E0028C05E /* Voir Dire */ = {
			isa = PBXGroup;
			children = (
				89B2AA0E16FF8F38008E10BA /* Libraries */,
				8968862816F92F0E00B440B7 /* WebServices */,
				8968862716F92EFF00B440B7 /* Views */,
				8968862616F92EF600B440B7 /* View Controllers */,
				8968862516F92EEC00B440B7 /* Util */,
				8968862416F92EE400B440B7 /* Storyboards */,
				8968862316F92EDC00B440B7 /* Protocols */,
				8954B7B6171789FF006AE653 /* Compound Data Model */,
				8968861F16F92ECE00B440B7 /* Data Model */,
				890ABC1116FAB36F00BA4B08 /* Data Managers */,
				8968861E16F92EBC00B440B7 /* Categories */,
				8968861716F92E9200B440B7 /* Images */,
				898122B316E8465E0028C05E /* VDAppDelegate.h */,
				898122B416E8465E0028C05E /* VDAppDelegate.m */,
				898122AB16E8465E0028C05E /* Resources */,
				8968862D16F92F7900B440B7 /* VDConstants.h */,
			);
			path = "Voir Dire";
			sourceTree = "<group>";
		};
		898122AB16E8465E0028C05E /* Resources */ = {
			isa = PBXGroup;
			children = (
				8968861216F92E7D00B440B7 /* main.m */,
				8968861316F92E7D00B440B7 /* Voir Dire-Info.plist */,
				8968861416F92E7D00B440B7 /* Voir Dire-Prefix.pch */,
				898122AD16E8465E0028C05E /* InfoPlist.strings */,
			);
			name = Resources;
			sourceTree = "<group>";
		};
		89B2A9F016FF83F7008E10BA /* CaseDetails */ = {
			isa = PBXGroup;
			children = (
				89B2A9F116FF83F7008E10BA /* VDCaseDetailsViewController.h */,
				89B2A9F216FF83F7008E10BA /* VDCaseDetailsViewController.m */,
			);
			path = CaseDetails;
			sourceTree = "<group>";
		};
		89B2A9F316FF83F7008E10BA /* CaseList */ = {
			isa = PBXGroup;
			children = (
				89B2A9F416FF83F7008E10BA /* VDCaseListCell.h */,
				89B2A9F516FF83F7008E10BA /* VDCaseListCell.m */,
				89B2A9F616FF83F7008E10BA /* VDCaseListViewController.h */,
				89B2A9F716FF83F7008E10BA /* VDCaseListViewController.m */,
			);
			path = CaseList;
			sourceTree = "<group>";
		};
		89B2A9F816FF83F7008E10BA /* LawFirmUser */ = {
			isa = PBXGroup;
			children = (
				89B2A9F916FF83F7008E10BA /* VDLawFirmUserViewController.h */,
				89B2A9FA16FF83F7008E10BA /* VDLawFirmUserViewController.m */,
			);
			path = LawFirmUser;
			sourceTree = "<group>";
		};
		89B2A9FB16FF83F7008E10BA /* NotificationList */ = {
			isa = PBXGroup;
			children = (
				89B2A9FC16FF83F7008E10BA /* VDNotificationCell.h */,
				89B2A9FD16FF83F7008E10BA /* VDNotificationCell.m */,
				89B2A9FE16FF83F7008E10BA /* VDNotificationListViewController.h */,
				89B2A9FF16FF83F7008E10BA /* VDNotificationListViewController.m */,
			);
			path = NotificationList;
			sourceTree = "<group>";
		};
		89B2AA0616FF8B17008E10BA /* VoirDire */ = {
			isa = PBXGroup;
			children = (
				897C867B170BD28D00ECF850 /* NavigationButtons */,
				89FA5829171490C900B8B96A /* QuickQuestions */,
				89038E4117012A4F00683FAB /* JurorDetails */,
				89B2AA1316FF9392008E10BA /* JuryPool */,
				89B2AA0716FF8B2C008E10BA /* VDVoirDireViewController.h */,
				89B2AA0816FF8B2C008E10BA /* VDVoirDireViewController.m */,
			);
			path = VoirDire;
			sourceTree = "<group>";
		};
		89B2AA0E16FF8F38008E10BA /* Libraries */ = {
			isa = PBXGroup;
			children = (
				89FA58401714952C00B8B96A /* FXLabel */,
				89B2AA0F16FF8F38008E10BA /* LXReorderableCollectionViewFlowLayout */,
			);
			path = Libraries;
			sourceTree = "<group>";
		};
		89B2AA0F16FF8F38008E10BA /* LXReorderableCollectionViewFlowLayout */ = {
			isa = PBXGroup;
			children = (
				89B2AA1016FF8F38008E10BA /* LXReorderableCollectionViewFlowLayout.h */,
				89B2AA1116FF8F38008E10BA /* LXReorderableCollectionViewFlowLayout.m */,
			);
			path = LXReorderableCollectionViewFlowLayout;
			sourceTree = "<group>";
		};
		89B2AA1316FF9392008E10BA /* JuryPool */ = {
			isa = PBXGroup;
			children = (
				89B2AA1416FF93B6008E10BA /* VDJuryPoolViewController.h */,
				89B2AA1516FF93B6008E10BA /* VDJuryPoolViewController.m */,
			);
			path = JuryPool;
			sourceTree = "<group>";
		};
		89B2AA1F16FFA9A7008E10BA /* JurorCell */ = {
			isa = PBXGroup;
			children = (
				89B2AA2016FFA9A7008E10BA /* VDJurorViewCell.h */,
				89B2AA2116FFA9A7008E10BA /* VDJurorViewCell.m */,
				89B2AA2216FFA9A7008E10BA /* VDJurorViewCell.xib */,
			);
			path = JurorCell;
			sourceTree = "<group>";
		};
		89FA5829171490C900B8B96A /* QuickQuestions */ = {
			isa = PBXGroup;
			children = (
				89FA582B171490DD00B8B96A /* VDQuickQuestionsViewController.h */,
				89FA582C171490DD00B8B96A /* VDQuickQuestionsViewController.m */,
				89FA58511714CFB000B8B96A /* VDQuickQuestionsQuestionViewController.h */,
				89FA58521714CFB000B8B96A /* VDQuickQuestionsQuestionViewController.m */,
				89FA584F1714CF5F00B8B96A /* VDQuickQuestionsQuestionViewController.xib */,
			);
			path = QuickQuestions;
			sourceTree = "<group>";
		};
		89FA58311714918500B8B96A /* QuickQuestions */ = {
			isa = PBXGroup;
			children = (
				89FA5835171491A900B8B96A /* VDQuickQuestionsTabBar.h */,
				89FA5836171491A900B8B96A /* VDQuickQuestionsTabBar.m */,
				89FA58381714920300B8B96A /* VDQuickQuestionsTabBar.xib */,
				89FA583A1714930C00B8B96A /* VDQuickQuestionsQuestionTab.h */,
				89FA583B1714930C00B8B96A /* VDQuickQuestionsQuestionTab.m */,
				89FA58461714997100B8B96A /* VDQuickQuestionsQuestionTab.xib */,
				89FA583D171493B000B8B96A /* VDQuickQuestionsAddTab.h */,
				89FA583E171493B000B8B96A /* VDQuickQuestionsAddTab.m */,
				89FA58481714999700B8B96A /* VDQuickQuestionsAddTab.xib */,
			);
			path = QuickQuestions;
			sourceTree = "<group>";
		};
		89FA58401714952C00B8B96A /* FXLabel */ = {
			isa = PBXGroup;
			children = (
				89FA58411714952C00B8B96A /* FXLabel.h */,
				89FA58421714952C00B8B96A /* FXLabel.m */,
				89FA58431714952C00B8B96A /* LICENCE.md */,
			);
			path = FXLabel;
			sourceTree = "<group>";
		};
/* End PBXGroup section */

/* Begin PBXNativeTarget section */
		8981229D16E8465E0028C05E /* Voir Dire */ = {
			isa = PBXNativeTarget;
			buildConfigurationList = 898122C116E8465E0028C05E /* Build configuration list for PBXNativeTarget "Voir Dire" */;
			buildPhases = (
				8981229A16E8465E0028C05E /* Sources */,
				8981229B16E8465E0028C05E /* Frameworks */,
				8981229C16E8465E0028C05E /* Resources */,
			);
			buildRules = (
			);
			dependencies = (
			);
			name = "Voir Dire";
			productName = "Voir Dire";
			productReference = 8981229E16E8465E0028C05E /* Voir Dire.app */;
			productType = "com.apple.product-type.application";
		};
/* End PBXNativeTarget section */

/* Begin PBXProject section */
		8981229516E8465E0028C05E /* Project object */ = {
			isa = PBXProject;
			attributes = {
				CLASSPREFIX = VD;
				LastUpgradeCheck = 0450;
				ORGANIZATIONNAME = "Voir Dire";
			};
			buildConfigurationList = 8981229816E8465E0028C05E /* Build configuration list for PBXProject "Voir Dire" */;
			compatibilityVersion = "Xcode 3.2";
			developmentRegion = English;
			hasScannedForEncodings = 0;
			knownRegions = (
				en,
			);
			mainGroup = 8981229316E8465E0028C05E;
			productRefGroup = 8981229F16E8465E0028C05E /* Products */;
			projectDirPath = "";
			projectRoot = "";
			targets = (
				8981229D16E8465E0028C05E /* Voir Dire */,
			);
		};
/* End PBXProject section */

/* Begin PBXResourcesBuildPhase section */
		8981229C16E8465E0028C05E /* Resources */ = {
			isa = PBXResourcesBuildPhase;
			buildActionMask = 2147483647;
			files = (
				898122AF16E8465E0028C05E /* InfoPlist.strings in Resources */,
				8968863716F932AE00B440B7 /* Main.storyboard in Resources */,
				8968863B16F933C200B440B7 /* AppFlow.storyboard in Resources */,
				8968865816F93C4F00B440B7 /* VDLoginViewController.xib in Resources */,
				89B2AA2416FFA9A7008E10BA /* VDJurorViewCell.xib in Resources */,
				89038E4617012A4F00683FAB /* VDJurorDetailsViewController.xib in Resources */,
				894AF8931703E0F00052D19E /* arrow_down.png in Resources */,
				894AF8941703E0F00052D19E /* arrow_left.png in Resources */,
				894AF8951703E0F00052D19E /* arrow_right.png in Resources */,
				894AF8961703E0F00052D19E /* arrow_up.png in Resources */,
				894AF8971703E0F00052D19E /* btn_back.png in Resources */,
				894AF8981703E0F00052D19E /* btn_forward.png in Resources */,
				894AF8991703E0F00052D19E /* btn_home.png in Resources */,
				894AF89A1703E0F00052D19E /* btn_logout.png in Resources */,
				894AF89B1703E0F00052D19E /* Default-568h@2x.png in Resources */,
				894AF89C1703E0F00052D19E /* Default.png in Resources */,
				894AF89D1703E0F00052D19E /* Default@2x.png in Resources */,
				894AF89E1703E0F00052D19E /* flag_blue.png in Resources */,
				894AF89F1703E0F00052D19E /* flag_finish.png in Resources */,
				894AF8A01703E0F00052D19E /* flag_green.png in Resources */,
				894AF8A11703E0F00052D19E /* flag_orange.png in Resources */,
				894AF8A21703E0F00052D19E /* flag_pink.png in Resources */,
				894AF8A31703E0F00052D19E /* flag_purple.png in Resources */,
				894AF8A41703E0F00052D19E /* flag_red.png in Resources */,
				894AF8A51703E0F00052D19E /* flag_yellow.png in Resources */,
				894AF8A61703E0F00052D19E /* icon_check.png in Resources */,
				894AF8A71703E0F00052D19E /* icon_minus.png in Resources */,
				894AF8A81703E0F00052D19E /* icon_plus.png in Resources */,
				894AF8A91703E0F00052D19E /* icon_x.png in Resources */,
				894AF8AA1703E0F00052D19E /* radio_selected.png in Resources */,
				894AF8AB1703E0F00052D19E /* radio_unselected.png in Resources */,
				894AF8AC1703E0F00052D19E /* star_empty.png in Resources */,
				894AF8AD1703E0F00052D19E /* star_full.png in Resources */,
				894AF8AE1703E0F00052D19E /* star_half.png in Resources */,
				894AF8BC1703E2C50052D19E /* avatar_asian_female.png in Resources */,
				894AF8BD1703E2C50052D19E /* avatar_asian_male.png in Resources */,
				894AF8BE1703E2C50052D19E /* avatar_black_female.png in Resources */,
				894AF8BF1703E2C50052D19E /* avatar_black_male.png in Resources */,
				894AF8C01703E2C50052D19E /* avatar_latino_female.png in Resources */,
				894AF8C11703E2C50052D19E /* avatar_latino_male.png in Resources */,
				894AF8C21703E2C50052D19E /* avatar_luchadore_blue.png in Resources */,
				894AF8C31703E2C50052D19E /* avatar_luchadore_red.png in Resources */,
				894AF8C41703E2C50052D19E /* avatar_mrt.png in Resources */,
				894AF8C51703E2C50052D19E /* avatar_pacificislander_female.png in Resources */,
				894AF8C61703E2C50052D19E /* avatar_pacificislander_male.png in Resources */,
				894AF8C71703E2C50052D19E /* avatar_white_female.png in Resources */,
				894AF8C81703E2C50052D19E /* avatar_white_male.png in Resources */,
				894AF8CD1703E42E0052D19E /* avatar_luchadore_green.png in Resources */,
				894AF8D01703E5C30052D19E /* avatar_americanindian_female.png in Resources */,
				894AF8D11703E5C30052D19E /* avatar_americanindian_male.png in Resources */,
				89FA58391714920300B8B96A /* VDQuickQuestionsTabBar.xib in Resources */,
				89FA58451714952C00B8B96A /* LICENCE.md in Resources */,
				89FA58471714997100B8B96A /* VDQuickQuestionsQuestionTab.xib in Resources */,
				89FA58491714999700B8B96A /* VDQuickQuestionsAddTab.xib in Resources */,
				89FA58501714CF5F00B8B96A /* VDQuickQuestionsQuestionViewController.xib in Resources */,
			);
			runOnlyForDeploymentPostprocessing = 0;
		};
/* End PBXResourcesBuildPhase section */

/* Begin PBXSourcesBuildPhase section */
		8981229A16E8465E0028C05E /* Sources */ = {
			isa = PBXSourcesBuildPhase;
			buildActionMask = 2147483647;
			files = (
				898122B516E8465E0028C05E /* VDAppDelegate.m in Sources */,
				8968861516F92E7D00B440B7 /* main.m in Sources */,
				8968862216F92ECE00B440B7 /* Voir_Dire.xcdatamodeld in Sources */,
				8968863216F931C500B440B7 /* VDViewController.m in Sources */,
				8968863516F9320E00B440B7 /* VDRootViewController.m in Sources */,
				8968865716F93C4F00B440B7 /* VDLoginViewController.m in Sources */,
				8968865B16F93DDE00B440B7 /* VDStartupPageViewController.m in Sources */,
				890ABBFE16FAA94E00BA4B08 /* VDHomeViewController.m in Sources */,
				890ABC0716FAA9B800BA4B08 /* VDNotification.m in Sources */,
				890ABC0A16FAAA7D00BA4B08 /* VDTrialCase.m in Sources */,
				890ABC0D16FAABC700BA4B08 /* VDTrialCaseNote.m in Sources */,
				890ABC1016FAAF2800BA4B08 /* VDLawFirmUser.m in Sources */,
				890ABC1416FAB38300BA4B08 /* VDCurrentLawFirmUserManager.m in Sources */,
				890ABC1716FAB60C00BA4B08 /* VDJuror.m in Sources */,
				890ABC1B16FABA0600BA4B08 /* VDNotificationManager.m in Sources */,
				890ABC1E16FABC0100BA4B08 /* VDTrialCaseManager.m in Sources */,
				890ABC2D16FAC31400BA4B08 /* VDJurorManager.m in Sources */,
				89B2AA0016FF83F7008E10BA /* VDCaseDetailsViewController.m in Sources */,
				89B2AA0116FF83F7008E10BA /* VDCaseListCell.m in Sources */,
				89B2AA0216FF83F7008E10BA /* VDCaseListViewController.m in Sources */,
				89B2AA0316FF83F7008E10BA /* VDLawFirmUserViewController.m in Sources */,
				89B2AA0416FF83F7008E10BA /* VDNotificationCell.m in Sources */,
				89B2AA0516FF83F7008E10BA /* VDNotificationListViewController.m in Sources */,
				89B2AA0916FF8B2C008E10BA /* VDVoirDireViewController.m in Sources */,
				89B2AA1216FF8F38008E10BA /* LXReorderableCollectionViewFlowLayout.m in Sources */,
				89B2AA1616FF93B6008E10BA /* VDJuryPoolViewController.m in Sources */,
				89B2AA2316FFA9A7008E10BA /* VDJurorViewCell.m in Sources */,
				89B2AA2C16FFB8C9008E10BA /* VDJurorNote.m in Sources */,
				89038E4517012A4F00683FAB /* VDJurorDetailsViewController.m in Sources */,
				894AF8CB1703E37D0052D19E /* VDJurorToAvatar.m in Sources */,
				897C867E170BD28D00ECF850 /* VDLogoutHandleButton.m in Sources */,
				897C8682170BD78700ECF850 /* VDBackHandleButton.m in Sources */,
				897C8685170BDA0B00ECF850 /* VDHomeHandleButton.m in Sources */,
				89FA582D171490DD00B8B96A /* VDQuickQuestionsViewController.m in Sources */,
				89FA5837171491A900B8B96A /* VDQuickQuestionsTabBar.m in Sources */,
				89FA583C1714930C00B8B96A /* VDQuickQuestionsQuestionTab.m in Sources */,
				89FA583F171493B000B8B96A /* VDQuickQuestionsAddTab.m in Sources */,
				89FA58441714952C00B8B96A /* FXLabel.m in Sources */,
				89FA58531714CFB000B8B96A /* VDQuickQuestionsQuestionViewController.m in Sources */,
				8954B79D17176D22006AE653 /* VDQuestion.m in Sources */,
				8954B7A017176F45006AE653 /* VDJurorQuestionManager.m in Sources */,
				8954B7A9171773B3006AE653 /* VDQuickQuestion.m in Sources */,
				8954B7AC171773C4006AE653 /* VDJurorQuestion.m in Sources */,
				8954B7AF171773DB006AE653 /* VDJurorToQuickQuestion.m in Sources */,
				8954B7B2171774C2006AE653 /* VDQuickQuestionManager.m in Sources */,
				8954B7B517177B3B006AE653 /* VDJurorNoteManager.m in Sources */,
				8954B7B917178A0C006AE653 /* VDCompoundQuickQuestion.m in Sources */,
			);
			runOnlyForDeploymentPostprocessing = 0;
		};
/* End PBXSourcesBuildPhase section */

/* Begin PBXVariantGroup section */
		898122AD16E8465E0028C05E /* InfoPlist.strings */ = {
			isa = PBXVariantGroup;
			children = (
				898122AE16E8465E0028C05E /* en */,
			);
			name = InfoPlist.strings;
			sourceTree = "<group>";
		};
/* End PBXVariantGroup section */

/* Begin XCBuildConfiguration section */
		898122BF16E8465E0028C05E /* Debug */ = {
			isa = XCBuildConfiguration;
			buildSettings = {
				ALWAYS_SEARCH_USER_PATHS = NO;
				CLANG_CXX_LANGUAGE_STANDARD = "gnu++0x";
				CLANG_CXX_LIBRARY = "libc++";
				CLANG_ENABLE_OBJC_ARC = YES;
				CLANG_WARN_EMPTY_BODY = YES;
				CLANG_WARN__DUPLICATE_METHOD_MATCH = YES;
				"CODE_SIGN_IDENTITY[sdk=iphoneos*]" = "iPhone Developer";
				COPY_PHASE_STRIP = NO;
				GCC_C_LANGUAGE_STANDARD = gnu99;
				GCC_DYNAMIC_NO_PIC = NO;
				GCC_OPTIMIZATION_LEVEL = 0;
				GCC_PREPROCESSOR_DEFINITIONS = (
					"DEBUG=1",
					"$(inherited)",
				);
				GCC_SYMBOLS_PRIVATE_EXTERN = NO;
				GCC_WARN_ABOUT_RETURN_TYPE = YES;
				GCC_WARN_UNINITIALIZED_AUTOS = YES;
				GCC_WARN_UNUSED_VARIABLE = YES;
				IPHONEOS_DEPLOYMENT_TARGET = 6.0;
				ONLY_ACTIVE_ARCH = YES;
				SDKROOT = iphoneos;
				TARGETED_DEVICE_FAMILY = 2;
			};
			name = Debug;
		};
		898122C016E8465E0028C05E /* Release */ = {
			isa = XCBuildConfiguration;
			buildSettings = {
				ALWAYS_SEARCH_USER_PATHS = NO;
				CLANG_CXX_LANGUAGE_STANDARD = "gnu++0x";
				CLANG_CXX_LIBRARY = "libc++";
				CLANG_ENABLE_OBJC_ARC = YES;
				CLANG_WARN_EMPTY_BODY = YES;
				CLANG_WARN__DUPLICATE_METHOD_MATCH = YES;
				"CODE_SIGN_IDENTITY[sdk=iphoneos*]" = "iPhone Developer";
				COPY_PHASE_STRIP = YES;
				GCC_C_LANGUAGE_STANDARD = gnu99;
				GCC_WARN_ABOUT_RETURN_TYPE = YES;
				GCC_WARN_UNINITIALIZED_AUTOS = YES;
				GCC_WARN_UNUSED_VARIABLE = YES;
				IPHONEOS_DEPLOYMENT_TARGET = 6.0;
				OTHER_CFLAGS = "-DNS_BLOCK_ASSERTIONS=1";
				SDKROOT = iphoneos;
				TARGETED_DEVICE_FAMILY = 2;
				VALIDATE_PRODUCT = YES;
			};
			name = Release;
		};
		898122C216E8465E0028C05E /* Debug */ = {
			isa = XCBuildConfiguration;
			buildSettings = {
				GCC_PRECOMPILE_PREFIX_HEADER = YES;
				GCC_PREFIX_HEADER = "Voir Dire/Resources/Voir Dire-Prefix.pch";
				INFOPLIST_FILE = "Voir Dire/Resources/Voir Dire-Info.plist";
				PRODUCT_NAME = "$(TARGET_NAME)";
				WRAPPER_EXTENSION = app;
			};
			name = Debug;
		};
		898122C316E8465E0028C05E /* Release */ = {
			isa = XCBuildConfiguration;
			buildSettings = {
				GCC_PRECOMPILE_PREFIX_HEADER = YES;
				GCC_PREFIX_HEADER = "Voir Dire/Resources/Voir Dire-Prefix.pch";
				INFOPLIST_FILE = "Voir Dire/Resources/Voir Dire-Info.plist";
				PRODUCT_NAME = "$(TARGET_NAME)";
				WRAPPER_EXTENSION = app;
			};
			name = Release;
		};
/* End XCBuildConfiguration section */

/* Begin XCConfigurationList section */
		8981229816E8465E0028C05E /* Build configuration list for PBXProject "Voir Dire" */ = {
			isa = XCConfigurationList;
			buildConfigurations = (
				898122BF16E8465E0028C05E /* Debug */,
				898122C016E8465E0028C05E /* Release */,
			);
			defaultConfigurationIsVisible = 0;
			defaultConfigurationName = Release;
		};
		898122C116E8465E0028C05E /* Build configuration list for PBXNativeTarget "Voir Dire" */ = {
			isa = XCConfigurationList;
			buildConfigurations = (
				898122C216E8465E0028C05E /* Debug */,
				898122C316E8465E0028C05E /* Release */,
			);
			defaultConfigurationIsVisible = 0;
			defaultConfigurationName = Release;
		};
/* End XCConfigurationList section */

/* Begin XCVersionGroup section */
		8968862016F92ECE00B440B7 /* Voir_Dire.xcdatamodeld */ = {
			isa = XCVersionGroup;
			children = (
				8968862116F92ECE00B440B7 /* Voir_Dire.xcdatamodel */,
			);
			currentVersion = 8968862116F92ECE00B440B7 /* Voir_Dire.xcdatamodel */;
			path = Voir_Dire.xcdatamodeld;
			sourceTree = "<group>";
			versionGroupType = wrapper.xcdatamodel;
		};
/* End XCVersionGroup section */
	};
	rootObject = 8981229516E8465E0028C05E /* Project object */;
}
